// !$*UTF8*$!
{
	archiveVersion = 1;
	classes = {
	};
	objectVersion = 50;
	objects = {

/* Begin PBXBuildFile section */
		8D7DC8962626D4CB0032FFD2 /* MastingSwiftUICodeApp.swift in Sources */ = {isa = PBXBuildFile; fileRef = 8D7DC8952626D4CB0032FFD2 /* MastingSwiftUICodeApp.swift */; };
		8D7DC8982626D4CB0032FFD2 /* ContentView.swift in Sources */ = {isa = PBXBuildFile; fileRef = 8D7DC8972626D4CB0032FFD2 /* ContentView.swift */; };
		8D7DC89A2626D4CE0032FFD2 /* Assets.xcassets in Resources */ = {isa = PBXBuildFile; fileRef = 8D7DC8992626D4CE0032FFD2 /* Assets.xcassets */; };
		8D7DC89D2626D4CE0032FFD2 /* Preview Assets.xcassets in Resources */ = {isa = PBXBuildFile; fileRef = 8D7DC89C2626D4CE0032FFD2 /* Preview Assets.xcassets */; };
		8D7DC8A82626D4CF0032FFD2 /* MastingSwiftUICodeTests.swift in Sources */ = {isa = PBXBuildFile; fileRef = 8D7DC8A72626D4CF0032FFD2 /* MastingSwiftUICodeTests.swift */; };
		8D7DC8B32626D4CF0032FFD2 /* MastingSwiftUICodeUITests.swift in Sources */ = {isa = PBXBuildFile; fileRef = 8D7DC8B22626D4CF0032FFD2 /* MastingSwiftUICodeUITests.swift */; };
		8D7DC8C72626D8720032FFD2 /* LayoutUserInterface.swift in Sources */ = {isa = PBXBuildFile; fileRef = 8D7DC8C62626D8720032FFD2 /* LayoutUserInterface.swift */; };
		9F16A91926BAACE8005DCFCC /* Chapter6.swift in Sources */ = {isa = PBXBuildFile; fileRef = 9F16A91826BAACE8005DCFCC /* Chapter6.swift */; };
		9F16A91B26BAB35B005DCFCC /* CounterButton.swift in Sources */ = {isa = PBXBuildFile; fileRef = 9F16A91A26BAB35B005DCFCC /* CounterButton.swift */; };
		9F21723126C4BB4700A6D6FA /* Chapter8.swift in Sources */ = {isa = PBXBuildFile; fileRef = 9F21723026C4BB4700A6D6FA /* Chapter8.swift */; };
		9F21723326C4CE2100A6D6FA /* Chapter9.swift in Sources */ = {isa = PBXBuildFile; fileRef = 9F21723226C4CE2100A6D6FA /* Chapter9.swift */; };
		9F973EBE26B8F06F00AC99F7 /* Chapter5.swift in Sources */ = {isa = PBXBuildFile; fileRef = 9F973EBD26B8F06F00AC99F7 /* Chapter5.swift */; };
		9F973EC926B911A900AC99F7 /* CardView.swift in Sources */ = {isa = PBXBuildFile; fileRef = 9F973EC826B911A900AC99F7 /* CardView.swift */; };
/* End PBXBuildFile section */

/* Begin PBXContainerItemProxy section */
		8D7DC8A42626D4CF0032FFD2 /* PBXContainerItemProxy */ = {
			isa = PBXContainerItemProxy;
			containerPortal = 8D7DC88A2626D4CB0032FFD2 /* Project object */;
			proxyType = 1;
			remoteGlobalIDString = 8D7DC8912626D4CB0032FFD2;
			remoteInfo = MastingSwiftUICode;
		};
		8D7DC8AF2626D4CF0032FFD2 /* PBXContainerItemProxy */ = {
			isa = PBXContainerItemProxy;
			containerPortal = 8D7DC88A2626D4CB0032FFD2 /* Project object */;
			proxyType = 1;
			remoteGlobalIDString = 8D7DC8912626D4CB0032FFD2;
			remoteInfo = MastingSwiftUICode;
		};
/* End PBXContainerItemProxy section */

/* Begin PBXFileReference section */
		8D7DC8922626D4CB0032FFD2 /* MastingSwiftUICode.app */ = {isa = PBXFileReference; explicitFileType = wrapper.application; includeInIndex = 0; path = MastingSwiftUICode.app; sourceTree = BUILT_PRODUCTS_DIR; };
		8D7DC8952626D4CB0032FFD2 /* MastingSwiftUICodeApp.swift */ = {isa = PBXFileReference; lastKnownFileType = sourcecode.swift; path = MastingSwiftUICodeApp.swift; sourceTree = "<group>"; };
		8D7DC8972626D4CB0032FFD2 /* ContentView.swift */ = {isa = PBXFileReference; lastKnownFileType = sourcecode.swift; path = ContentView.swift; sourceTree = "<group>"; };
		8D7DC8992626D4CE0032FFD2 /* Assets.xcassets */ = {isa = PBXFileReference; lastKnownFileType = folder.assetcatalog; path = Assets.xcassets; sourceTree = "<group>"; };
		8D7DC89C2626D4CE0032FFD2 /* Preview Assets.xcassets */ = {isa = PBXFileReference; lastKnownFileType = folder.assetcatalog; path = "Preview Assets.xcassets"; sourceTree = "<group>"; };
		8D7DC89E2626D4CE0032FFD2 /* Info.plist */ = {isa = PBXFileReference; lastKnownFileType = text.plist.xml; path = Info.plist; sourceTree = "<group>"; };
		8D7DC8A32626D4CF0032FFD2 /* MastingSwiftUICodeTests.xctest */ = {isa = PBXFileReference; explicitFileType = wrapper.cfbundle; includeInIndex = 0; path = MastingSwiftUICodeTests.xctest; sourceTree = BUILT_PRODUCTS_DIR; };
		8D7DC8A72626D4CF0032FFD2 /* MastingSwiftUICodeTests.swift */ = {isa = PBXFileReference; lastKnownFileType = sourcecode.swift; path = MastingSwiftUICodeTests.swift; sourceTree = "<group>"; };
		8D7DC8A92626D4CF0032FFD2 /* Info.plist */ = {isa = PBXFileReference; lastKnownFileType = text.plist.xml; path = Info.plist; sourceTree = "<group>"; };
		8D7DC8AE2626D4CF0032FFD2 /* MastingSwiftUICodeUITests.xctest */ = {isa = PBXFileReference; explicitFileType = wrapper.cfbundle; includeInIndex = 0; path = MastingSwiftUICodeUITests.xctest; sourceTree = BUILT_PRODUCTS_DIR; };
		8D7DC8B22626D4CF0032FFD2 /* MastingSwiftUICodeUITests.swift */ = {isa = PBXFileReference; lastKnownFileType = sourcecode.swift; path = MastingSwiftUICodeUITests.swift; sourceTree = "<group>"; };
		8D7DC8B42626D4CF0032FFD2 /* Info.plist */ = {isa = PBXFileReference; lastKnownFileType = text.plist.xml; path = Info.plist; sourceTree = "<group>"; };
		8D7DC8C62626D8720032FFD2 /* LayoutUserInterface.swift */ = {isa = PBXFileReference; lastKnownFileType = sourcecode.swift; path = LayoutUserInterface.swift; sourceTree = "<group>"; };
		9F16A91826BAACE8005DCFCC /* Chapter6.swift */ = {isa = PBXFileReference; lastKnownFileType = sourcecode.swift; path = Chapter6.swift; sourceTree = "<group>"; };
		9F16A91A26BAB35B005DCFCC /* CounterButton.swift */ = {isa = PBXFileReference; lastKnownFileType = sourcecode.swift; path = CounterButton.swift; sourceTree = "<group>"; };
		9F21723026C4BB4700A6D6FA /* Chapter8.swift */ = {isa = PBXFileReference; lastKnownFileType = sourcecode.swift; path = Chapter8.swift; sourceTree = "<group>"; };
		9F21723226C4CE2100A6D6FA /* Chapter9.swift */ = {isa = PBXFileReference; lastKnownFileType = sourcecode.swift; path = Chapter9.swift; sourceTree = "<group>"; };
		9F973EBD26B8F06F00AC99F7 /* Chapter5.swift */ = {isa = PBXFileReference; lastKnownFileType = sourcecode.swift; path = Chapter5.swift; sourceTree = "<group>"; };
		9F973EC826B911A900AC99F7 /* CardView.swift */ = {isa = PBXFileReference; lastKnownFileType = sourcecode.swift; path = CardView.swift; sourceTree = "<group>"; };
/* End PBXFileReference section */

/* Begin PBXFrameworksBuildPhase section */
		8D7DC88F2626D4CB0032FFD2 /* Frameworks */ = {
			isa = PBXFrameworksBuildPhase;
			buildActionMask = 2147483647;
			files = (
			);
			runOnlyForDeploymentPostprocessing = 0;
		};
		8D7DC8A02626D4CF0032FFD2 /* Frameworks */ = {
			isa = PBXFrameworksBuildPhase;
			buildActionMask = 2147483647;
			files = (
			);
			runOnlyForDeploymentPostprocessing = 0;
		};
		8D7DC8AB2626D4CF0032FFD2 /* Frameworks */ = {
			isa = PBXFrameworksBuildPhase;
			buildActionMask = 2147483647;
			files = (
			);
			runOnlyForDeploymentPostprocessing = 0;
		};
/* End PBXFrameworksBuildPhase section */

/* Begin PBXGroup section */
		8D7DC8892626D4CB0032FFD2 = {
			isa = PBXGroup;
			children = (
				8D7DC8942626D4CB0032FFD2 /* MastingSwiftUICode */,
				8D7DC8A62626D4CF0032FFD2 /* MastingSwiftUICodeTests */,
				8D7DC8B12626D4CF0032FFD2 /* MastingSwiftUICodeUITests */,
				8D7DC8932626D4CB0032FFD2 /* Products */,
			);
			sourceTree = "<group>";
		};
		8D7DC8932626D4CB0032FFD2 /* Products */ = {
			isa = PBXGroup;
			children = (
				8D7DC8922626D4CB0032FFD2 /* MastingSwiftUICode.app */,
				8D7DC8A32626D4CF0032FFD2 /* MastingSwiftUICodeTests.xctest */,
				8D7DC8AE2626D4CF0032FFD2 /* MastingSwiftUICodeUITests.xctest */,
			);
			name = Products;
			sourceTree = "<group>";
		};
		8D7DC8942626D4CB0032FFD2 /* MastingSwiftUICode */ = {
			isa = PBXGroup;
			children = (
				9F973EBF26B8F07900AC99F7 /* components */,
				9F973EBC26B8F04500AC99F7 /* chapter */,
				8D7DC8952626D4CB0032FFD2 /* MastingSwiftUICodeApp.swift */,
				8D7DC8972626D4CB0032FFD2 /* ContentView.swift */,
				8D7DC8992626D4CE0032FFD2 /* Assets.xcassets */,
				8D7DC89E2626D4CE0032FFD2 /* Info.plist */,
				8D7DC89B2626D4CE0032FFD2 /* Preview Content */,
				8D7DC8C62626D8720032FFD2 /* LayoutUserInterface.swift */,
			);
			path = MastingSwiftUICode;
			sourceTree = "<group>";
		};
		8D7DC89B2626D4CE0032FFD2 /* Preview Content */ = {
			isa = PBXGroup;
			children = (
				8D7DC89C2626D4CE0032FFD2 /* Preview Assets.xcassets */,
			);
			path = "Preview Content";
			sourceTree = "<group>";
		};
		8D7DC8A62626D4CF0032FFD2 /* MastingSwiftUICodeTests */ = {
			isa = PBXGroup;
			children = (
				8D7DC8A72626D4CF0032FFD2 /* MastingSwiftUICodeTests.swift */,
				8D7DC8A92626D4CF0032FFD2 /* Info.plist */,
			);
			path = MastingSwiftUICodeTests;
			sourceTree = "<group>";
		};
		8D7DC8B12626D4CF0032FFD2 /* MastingSwiftUICodeUITests */ = {
			isa = PBXGroup;
			children = (
				8D7DC8B22626D4CF0032FFD2 /* MastingSwiftUICodeUITests.swift */,
				8D7DC8B42626D4CF0032FFD2 /* Info.plist */,
			);
			path = MastingSwiftUICodeUITests;
			sourceTree = "<group>";
		};
		9F973EBC26B8F04500AC99F7 /* chapter */ = {
			isa = PBXGroup;
			children = (
				9F973EBD26B8F06F00AC99F7 /* Chapter5.swift */,
				9F16A91826BAACE8005DCFCC /* Chapter6.swift */,
				9F21723026C4BB4700A6D6FA /* Chapter8.swift */,
				9F21723226C4CE2100A6D6FA /* Chapter9.swift */,
			);
			path = chapter;
			sourceTree = "<group>";
		};
		9F973EBF26B8F07900AC99F7 /* components */ = {
			isa = PBXGroup;
			children = (
				9F973EC826B911A900AC99F7 /* CardView.swift */,
				9F16A91A26BAB35B005DCFCC /* CounterButton.swift */,
			);
			path = components;
			sourceTree = "<group>";
		};
/* End PBXGroup section */

/* Begin PBXNativeTarget section */
		8D7DC8912626D4CB0032FFD2 /* MastingSwiftUICode */ = {
			isa = PBXNativeTarget;
			buildConfigurationList = 8D7DC8B72626D4CF0032FFD2 /* Build configuration list for PBXNativeTarget "MastingSwiftUICode" */;
			buildPhases = (
				8D7DC88E2626D4CB0032FFD2 /* Sources */,
				8D7DC88F2626D4CB0032FFD2 /* Frameworks */,
				8D7DC8902626D4CB0032FFD2 /* Resources */,
			);
			buildRules = (
			);
			dependencies = (
			);
			name = MastingSwiftUICode;
			productName = MastingSwiftUICode;
			productReference = 8D7DC8922626D4CB0032FFD2 /* MastingSwiftUICode.app */;
			productType = "com.apple.product-type.application";
		};
		8D7DC8A22626D4CF0032FFD2 /* MastingSwiftUICodeTests */ = {
			isa = PBXNativeTarget;
			buildConfigurationList = 8D7DC8BA2626D4CF0032FFD2 /* Build configuration list for PBXNativeTarget "MastingSwiftUICodeTests" */;
			buildPhases = (
				8D7DC89F2626D4CF0032FFD2 /* Sources */,
				8D7DC8A02626D4CF0032FFD2 /* Frameworks */,
				8D7DC8A12626D4CF0032FFD2 /* Resources */,
			);
			buildRules = (
			);
			dependencies = (
				8D7DC8A52626D4CF0032FFD2 /* PBXTargetDependency */,
			);
			name = MastingSwiftUICodeTests;
			productName = MastingSwiftUICodeTests;
			productReference = 8D7DC8A32626D4CF0032FFD2 /* MastingSwiftUICodeTests.xctest */;
			productType = "com.apple.product-type.bundle.unit-test";
		};
		8D7DC8AD2626D4CF0032FFD2 /* MastingSwiftUICodeUITests */ = {
			isa = PBXNativeTarget;
			buildConfigurationList = 8D7DC8BD2626D4CF0032FFD2 /* Build configuration list for PBXNativeTarget "MastingSwiftUICodeUITests" */;
			buildPhases = (
				8D7DC8AA2626D4CF0032FFD2 /* Sources */,
				8D7DC8AB2626D4CF0032FFD2 /* Frameworks */,
				8D7DC8AC2626D4CF0032FFD2 /* Resources */,
			);
			buildRules = (
			);
			dependencies = (
				8D7DC8B02626D4CF0032FFD2 /* PBXTargetDependency */,
			);
			name = MastingSwiftUICodeUITests;
			productName = MastingSwiftUICodeUITests;
			productReference = 8D7DC8AE2626D4CF0032FFD2 /* MastingSwiftUICodeUITests.xctest */;
			productType = "com.apple.product-type.bundle.ui-testing";
		};
/* End PBXNativeTarget section */

/* Begin PBXProject section */
		8D7DC88A2626D4CB0032FFD2 /* Project object */ = {
			isa = PBXProject;
			attributes = {
				LastSwiftUpdateCheck = 1240;
				LastUpgradeCheck = 1240;
				TargetAttributes = {
					8D7DC8912626D4CB0032FFD2 = {
						CreatedOnToolsVersion = 12.4;
					};
					8D7DC8A22626D4CF0032FFD2 = {
						CreatedOnToolsVersion = 12.4;
						TestTargetID = 8D7DC8912626D4CB0032FFD2;
					};
					8D7DC8AD2626D4CF0032FFD2 = {
						CreatedOnToolsVersion = 12.4;
						TestTargetID = 8D7DC8912626D4CB0032FFD2;
					};
				};
			};
			buildConfigurationList = 8D7DC88D2626D4CB0032FFD2 /* Build configuration list for PBXProject "MastingSwiftUICode" */;
			compatibilityVersion = "Xcode 9.3";
			developmentRegion = en;
			hasScannedForEncodings = 0;
			knownRegions = (
				en,
				Base,
			);
			mainGroup = 8D7DC8892626D4CB0032FFD2;
			productRefGroup = 8D7DC8932626D4CB0032FFD2 /* Products */;
			projectDirPath = "";
			projectRoot = "";
			targets = (
				8D7DC8912626D4CB0032FFD2 /* MastingSwiftUICode */,
				8D7DC8A22626D4CF0032FFD2 /* MastingSwiftUICodeTests */,
				8D7DC8AD2626D4CF0032FFD2 /* MastingSwiftUICodeUITests */,
			);
		};
/* End PBXProject section */

/* Begin PBXResourcesBuildPhase section */
		8D7DC8902626D4CB0032FFD2 /* Resources */ = {
			isa = PBXResourcesBuildPhase;
			buildActionMask = 2147483647;
			files = (
				8D7DC89D2626D4CE0032FFD2 /* Preview Assets.xcassets in Resources */,
				8D7DC89A2626D4CE0032FFD2 /* Assets.xcassets in Resources */,
			);
			runOnlyForDeploymentPostprocessing = 0;
		};
		8D7DC8A12626D4CF0032FFD2 /* Resources */ = {
			isa = PBXResourcesBuildPhase;
			buildActionMask = 2147483647;
			files = (
			);
			runOnlyForDeploymentPostprocessing = 0;
		};
		8D7DC8AC2626D4CF0032FFD2 /* Resources */ = {
			isa = PBXResourcesBuildPhase;
			buildActionMask = 2147483647;
			files = (
			);
			runOnlyForDeploymentPostprocessing = 0;
		};
/* End PBXResourcesBuildPhase section */

/* Begin PBXSourcesBuildPhase section */
		8D7DC88E2626D4CB0032FFD2 /* Sources */ = {
			isa = PBXSourcesBuildPhase;
			buildActionMask = 2147483647;
			files = (
				9F21723126C4BB4700A6D6FA /* Chapter8.swift in Sources */,
				9F16A91B26BAB35B005DCFCC /* CounterButton.swift in Sources */,
				8D7DC8982626D4CB0032FFD2 /* ContentView.swift in Sources */,
				9F973EBE26B8F06F00AC99F7 /* Chapter5.swift in Sources */,
				9F16A91926BAACE8005DCFCC /* Chapter6.swift in Sources */,
				9F21723326C4CE2100A6D6FA /* Chapter9.swift in Sources */,
				8D7DC8962626D4CB0032FFD2 /* MastingSwiftUICodeApp.swift in Sources */,
				8D7DC8C72626D8720032FFD2 /* LayoutUserInterface.swift in Sources */,
				9F973EC926B911A900AC99F7 /* CardView.swift in Sources */,
			);
			runOnlyForDeploymentPostprocessing = 0;
		};
		8D7DC89F2626D4CF0032FFD2 /* Sources */ = {
			isa = PBXSourcesBuildPhase;
			buildActionMask = 2147483647;
			files = (
				8D7DC8A82626D4CF0032FFD2 /* MastingSwiftUICodeTests.swift in Sources */,
			);
			runOnlyForDeploymentPostprocessing = 0;
		};
		8D7DC8AA2626D4CF0032FFD2 /* Sources */ = {
			isa = PBXSourcesBuildPhase;
			buildActionMask = 2147483647;
			files = (
				8D7DC8B32626D4CF0032FFD2 /* MastingSwiftUICodeUITests.swift in Sources */,
			);
			runOnlyForDeploymentPostprocessing = 0;
		};
/* End PBXSourcesBuildPhase section */

/* Begin PBXTargetDependency section */
		8D7DC8A52626D4CF0032FFD2 /* PBXTargetDependency */ = {
			isa = PBXTargetDependency;
			target = 8D7DC8912626D4CB0032FFD2 /* MastingSwiftUICode */;
			targetProxy = 8D7DC8A42626D4CF0032FFD2 /* PBXContainerItemProxy */;
		};
		8D7DC8B02626D4CF0032FFD2 /* PBXTargetDependency */ = {
			isa = PBXTargetDependency;
			target = 8D7DC8912626D4CB0032FFD2 /* MastingSwiftUICode */;
			targetProxy = 8D7DC8AF2626D4CF0032FFD2 /* PBXContainerItemProxy */;
		};
/* End PBXTargetDependency section */

/* Begin XCBuildConfiguration section */
		8D7DC8B52626D4CF0032FFD2 /* Debug */ = {
			isa = XCBuildConfiguration;
			buildSettings = {
				ALWAYS_SEARCH_USER_PATHS = NO;
				CLANG_ANALYZER_NONNULL = YES;
				CLANG_ANALYZER_NUMBER_OBJECT_CONVERSION = YES_AGGRESSIVE;
				CLANG_CXX_LANGUAGE_STANDARD = "gnu++14";
				CLANG_CXX_LIBRARY = "libc++";
				CLANG_ENABLE_MODULES = YES;
				CLANG_ENABLE_OBJC_ARC = YES;
				CLANG_ENABLE_OBJC_WEAK = YES;
				CLANG_WARN_BLOCK_CAPTURE_AUTORELEASING = YES;
				CLANG_WARN_BOOL_CONVERSION = YES;
				CLANG_WARN_COMMA = YES;
				CLANG_WARN_CONSTANT_CONVERSION = YES;
				CLANG_WARN_DEPRECATED_OBJC_IMPLEMENTATIONS = YES;
				CLANG_WARN_DIRECT_OBJC_ISA_USAGE = YES_ERROR;
				CLANG_WARN_DOCUMENTATION_COMMENTS = YES;
				CLANG_WARN_EMPTY_BODY = YES;
				CLANG_WARN_ENUM_CONVERSION = YES;
				CLANG_WARN_INFINITE_RECURSION = YES;
				CLANG_WARN_INT_CONVERSION = YES;
				CLANG_WARN_NON_LITERAL_NULL_CONVERSION = YES;
				CLANG_WARN_OBJC_IMPLICIT_RETAIN_SELF = YES;
				CLANG_WARN_OBJC_LITERAL_CONVERSION = YES;
				CLANG_WARN_OBJC_ROOT_CLASS = YES_ERROR;
				CLANG_WARN_QUOTED_INCLUDE_IN_FRAMEWORK_HEADER = YES;
				CLANG_WARN_RANGE_LOOP_ANALYSIS = YES;
				CLANG_WARN_STRICT_PROTOTYPES = YES;
				CLANG_WARN_SUSPICIOUS_MOVE = YES;
				CLANG_WARN_UNGUARDED_AVAILABILITY = YES_AGGRESSIVE;
				CLANG_WARN_UNREACHABLE_CODE = YES;
				CLANG_WARN__DUPLICATE_METHOD_MATCH = YES;
				COPY_PHASE_STRIP = NO;
				DEBUG_INFORMATION_FORMAT = dwarf;
				ENABLE_STRICT_OBJC_MSGSEND = YES;
				ENABLE_TESTABILITY = YES;
				GCC_C_LANGUAGE_STANDARD = gnu11;
				GCC_DYNAMIC_NO_PIC = NO;
				GCC_NO_COMMON_BLOCKS = YES;
				GCC_OPTIMIZATION_LEVEL = 0;
				GCC_PREPROCESSOR_DEFINITIONS = (
					"DEBUG=1",
					"$(inherited)",
				);
				GCC_WARN_64_TO_32_BIT_CONVERSION = YES;
				GCC_WARN_ABOUT_RETURN_TYPE = YES_ERROR;
				GCC_WARN_UNDECLARED_SELECTOR = YES;
				GCC_WARN_UNINITIALIZED_AUTOS = YES_AGGRESSIVE;
				GCC_WARN_UNUSED_FUNCTION = YES;
				GCC_WARN_UNUSED_VARIABLE = YES;
				IPHONEOS_DEPLOYMENT_TARGET = 14.4;
				MTL_ENABLE_DEBUG_INFO = INCLUDE_SOURCE;
				MTL_FAST_MATH = YES;
				ONLY_ACTIVE_ARCH = YES;
				SDKROOT = iphoneos;
				SWIFT_ACTIVE_COMPILATION_CONDITIONS = DEBUG;
				SWIFT_OPTIMIZATION_LEVEL = "-Onone";
			};
			name = Debug;
		};
		8D7DC8B62626D4CF0032FFD2 /* Release */ = {
			isa = XCBuildConfiguration;
			buildSettings = {
				ALWAYS_SEARCH_USER_PATHS = NO;
				CLANG_ANALYZER_NONNULL = YES;
				CLANG_ANALYZER_NUMBER_OBJECT_CONVERSION = YES_AGGRESSIVE;
				CLANG_CXX_LANGUAGE_STANDARD = "gnu++14";
				CLANG_CXX_LIBRARY = "libc++";
				CLANG_ENABLE_MODULES = YES;
				CLANG_ENABLE_OBJC_ARC = YES;
				CLANG_ENABLE_OBJC_WEAK = YES;
				CLANG_WARN_BLOCK_CAPTURE_AUTORELEASING = YES;
				CLANG_WARN_BOOL_CONVERSION = YES;
				CLANG_WARN_COMMA = YES;
				CLANG_WARN_CONSTANT_CONVERSION = YES;
				CLANG_WARN_DEPRECATED_OBJC_IMPLEMENTATIONS = YES;
				CLANG_WARN_DIRECT_OBJC_ISA_USAGE = YES_ERROR;
				CLANG_WARN_DOCUMENTATION_COMMENTS = YES;
				CLANG_WARN_EMPTY_BODY = YES;
				CLANG_WARN_ENUM_CONVERSION = YES;
				CLANG_WARN_INFINITE_RECURSION = YES;
				CLANG_WARN_INT_CONVERSION = YES;
				CLANG_WARN_NON_LITERAL_NULL_CONVERSION = YES;
				CLANG_WARN_OBJC_IMPLICIT_RETAIN_SELF = YES;
				CLANG_WARN_OBJC_LITERAL_CONVERSION = YES;
				CLANG_WARN_OBJC_ROOT_CLASS = YES_ERROR;
				CLANG_WARN_QUOTED_INCLUDE_IN_FRAMEWORK_HEADER = YES;
				CLANG_WARN_RANGE_LOOP_ANALYSIS = YES;
				CLANG_WARN_STRICT_PROTOTYPES = YES;
				CLANG_WARN_SUSPICIOUS_MOVE = YES;
				CLANG_WARN_UNGUARDED_AVAILABILITY = YES_AGGRESSIVE;
				CLANG_WARN_UNREACHABLE_CODE = YES;
				CLANG_WARN__DUPLICATE_METHOD_MATCH = YES;
				COPY_PHASE_STRIP = NO;
				DEBUG_INFORMATION_FORMAT = "dwarf-with-dsym";
				ENABLE_NS_ASSERTIONS = NO;
				ENABLE_STRICT_OBJC_MSGSEND = YES;
				GCC_C_LANGUAGE_STANDARD = gnu11;
				GCC_NO_COMMON_BLOCKS = YES;
				GCC_WARN_64_TO_32_BIT_CONVERSION = YES;
				GCC_WARN_ABOUT_RETURN_TYPE = YES_ERROR;
				GCC_WARN_UNDECLARED_SELECTOR = YES;
				GCC_WARN_UNINITIALIZED_AUTOS = YES_AGGRESSIVE;
				GCC_WARN_UNUSED_FUNCTION = YES;
				GCC_WARN_UNUSED_VARIABLE = YES;
				IPHONEOS_DEPLOYMENT_TARGET = 14.4;
				MTL_ENABLE_DEBUG_INFO = NO;
				MTL_FAST_MATH = YES;
				SDKROOT = iphoneos;
				SWIFT_COMPILATION_MODE = wholemodule;
				SWIFT_OPTIMIZATION_LEVEL = "-O";
				VALIDATE_PRODUCT = YES;
			};
			name = Release;
		};
		8D7DC8B82626D4CF0032FFD2 /* Debug */ = {
			isa = XCBuildConfiguration;
			buildSettings = {
				ASSETCATALOG_COMPILER_APPICON_NAME = AppIcon;
				ASSETCATALOG_COMPILER_GLOBAL_ACCENT_COLOR_NAME = AccentColor;
				CODE_SIGN_STYLE = Automatic;
				DEVELOPMENT_ASSET_PATHS = "\"MastingSwiftUICode/Preview Content\"";
				DEVELOPMENT_TEAM = 9SKDGJS28P;
				ENABLE_PREVIEWS = YES;
				INFOPLIST_FILE = MastingSwiftUICode/Info.plist;
				IPHONEOS_DEPLOYMENT_TARGET = 14.0;
				LD_RUNPATH_SEARCH_PATHS = (
					"$(inherited)",
					"@executable_path/Frameworks",
				);
				PRODUCT_BUNDLE_IDENTIFIER = com.cocoa.MastingSwiftUICode;
				PRODUCT_NAME = "$(TARGET_NAME)";
				SWIFT_VERSION = 5.0;
				TARGETED_DEVICE_FAMILY = "1,2";
			};
			name = Debug;
		};
		8D7DC8B92626D4CF0032FFD2 /* Release */ = {
			isa = XCBuildConfiguration;
			buildSettings = {
				ASSETCATALOG_COMPILER_APPICON_NAME = AppIcon;
				ASSETCATALOG_COMPILER_GLOBAL_ACCENT_COLOR_NAME = AccentColor;
				CODE_SIGN_STYLE = Automatic;
				DEVELOPMENT_ASSET_PATHS = "\"MastingSwiftUICode/Preview Content\"";
				DEVELOPMENT_TEAM = 9SKDGJS28P;
				ENABLE_PREVIEWS = YES;
				INFOPLIST_FILE = MastingSwiftUICode/Info.plist;
				IPHONEOS_DEPLOYMENT_TARGET = 14.0;
				LD_RUNPATH_SEARCH_PATHS = (
					"$(inherited)",
					"@executable_path/Frameworks",
				);
				PRODUCT_BUNDLE_IDENTIFIER = com.cocoa.MastingSwiftUICode;
				PRODUCT_NAME = "$(TARGET_NAME)";
				SWIFT_VERSION = 5.0;
				TARGETED_DEVICE_FAMILY = "1,2";
			};
			name = Release;
		};
		8D7DC8BB2626D4CF0032FFD2 /* Debug */ = {
			isa = XCBuildConfiguration;
			buildSettings = {
				ALWAYS_EMBED_SWIFT_STANDARD_LIBRARIES = YES;
				BUNDLE_LOADER = "$(TEST_HOST)";
				CODE_SIGN_STYLE = Automatic;
				DEVELOPMENT_TEAM = 9SKDGJS28P;
				INFOPLIST_FILE = MastingSwiftUICodeTests/Info.plist;
				IPHONEOS_DEPLOYMENT_TARGET = 14.0;
				LD_RUNPATH_SEARCH_PATHS = (
					"$(inherited)",
					"@executable_path/Frameworks",
					"@loader_path/Frameworks",
				);
				PRODUCT_BUNDLE_IDENTIFIER = com.cocoa.MastingSwiftUICodeTests;
				PRODUCT_NAME = "$(TARGET_NAME)";
				SWIFT_VERSION = 5.0;
				TARGETED_DEVICE_FAMILY = "1,2";
				TEST_HOST = "$(BUILT_PRODUCTS_DIR)/MastingSwiftUICode.app/MastingSwiftUICode";
			};
			name = Debug;
		};
		8D7DC8BC2626D4CF0032FFD2 /* Release */ = {
			isa = XCBuildConfiguration;
			buildSettings = {
				ALWAYS_EMBED_SWIFT_STANDARD_LIBRARIES = YES;
				BUNDLE_LOADER = "$(TEST_HOST)";
				CODE_SIGN_STYLE = Automatic;
				DEVELOPMENT_TEAM = 9SKDGJS28P;
				INFOPLIST_FILE = MastingSwiftUICodeTests/Info.plist;
				IPHONEOS_DEPLOYMENT_TARGET = 14.0;
				LD_RUNPATH_SEARCH_PATHS = (
					"$(inherited)",
					"@executable_path/Frameworks",
					"@loader_path/Frameworks",
				);
				PRODUCT_BUNDLE_IDENTIFIER = com.cocoa.MastingSwiftUICodeTests;
				PRODUCT_NAME = "$(TARGET_NAME)";
				SWIFT_VERSION = 5.0;
				TARGETED_DEVICE_FAMILY = "1,2";
				TEST_HOST = "$(BUILT_PRODUCTS_DIR)/MastingSwiftUICode.app/MastingSwiftUICode";
			};
			name = Release;
		};
		8D7DC8BE2626D4CF0032FFD2 /* Debug */ = {
			isa = XCBuildConfiguration;
			buildSettings = {
				ALWAYS_EMBED_SWIFT_STANDARD_LIBRARIES = YES;
				CODE_SIGN_STYLE = Automatic;
				DEVELOPMENT_TEAM = 9SKDGJS28P;
				INFOPLIST_FILE = MastingSwiftUICodeUITests/Info.plist;
				LD_RUNPATH_SEARCH_PATHS = (
					"$(inherited)",
					"@executable_path/Frameworks",
					"@loader_path/Frameworks",
				);
				PRODUCT_BUNDLE_IDENTIFIER = com.cocoa.MastingSwiftUICodeUITests;
				PRODUCT_NAME = "$(TARGET_NAME)";
				SWIFT_VERSION = 5.0;
				TARGETED_DEVICE_FAMILY = "1,2";
				TEST_TARGET_NAME = MastingSwiftUICode;
			};
			name = Debug;
		};
		8D7DC8BF2626D4CF0032FFD2 /* Release */ = {
			isa = XCBuildConfiguration;
			buildSettings = {
				ALWAYS_EMBED_SWIFT_STANDARD_LIBRARIES = YES;
				CODE_SIGN_STYLE = Automatic;
				DEVELOPMENT_TEAM = 9SKDGJS28P;
				INFOPLIST_FILE = MastingSwiftUICodeUITests/Info.plist;
				LD_RUNPATH_SEARCH_PATHS = (
					"$(inherited)",
					"@executable_path/Frameworks",
					"@loader_path/Frameworks",
				);
				PRODUCT_BUNDLE_IDENTIFIER = com.cocoa.MastingSwiftUICodeUITests;
				PRODUCT_NAME = "$(TARGET_NAME)";
				SWIFT_VERSION = 5.0;
				TARGETED_DEVICE_FAMILY = "1,2";
				TEST_TARGET_NAME = MastingSwiftUICode;
			};
			name = Release;
		};
/* End XCBuildConfiguration section */

/* Begin XCConfigurationList section */
		8D7DC88D2626D4CB0032FFD2 /* Build configuration list for PBXProject "MastingSwiftUICode" */ = {
			isa = XCConfigurationList;
			buildConfigurations = (
				8D7DC8B52626D4CF0032FFD2 /* Debug */,
				8D7DC8B62626D4CF0032FFD2 /* Release */,
			);
			defaultConfigurationIsVisible = 0;
			defaultConfigurationName = Release;
		};
		8D7DC8B72626D4CF0032FFD2 /* Build configuration list for PBXNativeTarget "MastingSwiftUICode" */ = {
			isa = XCConfigurationList;
			buildConfigurations = (
				8D7DC8B82626D4CF0032FFD2 /* Debug */,
				8D7DC8B92626D4CF0032FFD2 /* Release */,
			);
			defaultConfigurationIsVisible = 0;
			defaultConfigurationName = Release;
		};
		8D7DC8BA2626D4CF0032FFD2 /* Build configuration list for PBXNativeTarget "MastingSwiftUICodeTests" */ = {
			isa = XCConfigurationList;
			buildConfigurations = (
				8D7DC8BB2626D4CF0032FFD2 /* Debug */,
				8D7DC8BC2626D4CF0032FFD2 /* Release */,
			);
			defaultConfigurationIsVisible = 0;
			defaultConfigurationName = Release;
		};
		8D7DC8BD2626D4CF0032FFD2 /* Build configuration list for PBXNativeTarget "MastingSwiftUICodeUITests" */ = {
			isa = XCConfigurationList;
			buildConfigurations = (
				8D7DC8BE2626D4CF0032FFD2 /* Debug */,
				8D7DC8BF2626D4CF0032FFD2 /* Release */,
			);
			defaultConfigurationIsVisible = 0;
			defaultConfigurationName = Release;
		};
/* End XCConfigurationList section */
	};
	rootObject = 8D7DC88A2626D4CB0032FFD2 /* Project object */;
}
