// !$*UTF8*$!
{
	archiveVersion = 1;
	classes = {
	};
	objectVersion = 55;
	objects = {

/* Begin PBXBuildFile section */
		9FA2FDB227A28E9F000BD4E5 /* TestAppcoda1App.swift in Sources */ = {isa = PBXBuildFile; fileRef = 9FA2FDB127A28E9F000BD4E5 /* TestAppcoda1App.swift */; };
		9FA2FDB427A28E9F000BD4E5 /* ContentView.swift in Sources */ = {isa = PBXBuildFile; fileRef = 9FA2FDB327A28E9F000BD4E5 /* ContentView.swift */; };
		9FA2FDB627A28EA1000BD4E5 /* Assets.xcassets in Resources */ = {isa = PBXBuildFile; fileRef = 9FA2FDB527A28EA1000BD4E5 /* Assets.xcassets */; };
		9FA2FDB927A28EA1000BD4E5 /* Preview Assets.xcassets in Resources */ = {isa = PBXBuildFile; fileRef = 9FA2FDB827A28EA1000BD4E5 /* Preview Assets.xcassets */; };
		9FA2FDC327A28EA1000BD4E5 /* TestAppcoda1Tests.swift in Sources */ = {isa = PBXBuildFile; fileRef = 9FA2FDC227A28EA1000BD4E5 /* TestAppcoda1Tests.swift */; };
		9FA2FDCD27A28EA1000BD4E5 /* TestAppcoda1UITests.swift in Sources */ = {isa = PBXBuildFile; fileRef = 9FA2FDCC27A28EA1000BD4E5 /* TestAppcoda1UITests.swift */; };
		9FA2FDCF27A28EA1000BD4E5 /* TestAppcoda1UITestsLaunchTests.swift in Sources */ = {isa = PBXBuildFile; fileRef = 9FA2FDCE27A28EA1000BD4E5 /* TestAppcoda1UITestsLaunchTests.swift */; };
		9FA2FDDC27A4DD84000BD4E5 /* Restaurant.swift in Sources */ = {isa = PBXBuildFile; fileRef = 9FA2FDDB27A4DD84000BD4E5 /* Restaurant.swift */; };
		9FA2FDDE27B23E59000BD4E5 /* RestaurantDetailView.swift in Sources */ = {isa = PBXBuildFile; fileRef = 9FA2FDDD27B23E59000BD4E5 /* RestaurantDetailView.swift */; };
		9FA2FDE027B35A7A000BD4E5 /* UIColorExt.swift in Sources */ = {isa = PBXBuildFile; fileRef = 9FA2FDDF27B35A7A000BD4E5 /* UIColorExt.swift */; };
		9FFD753927B66ABE00BA30C1 /* Rating.swift in Sources */ = {isa = PBXBuildFile; fileRef = 9FFD753827B66ABE00BA30C1 /* Rating.swift */; };
/* End PBXBuildFile section */

/* Begin PBXContainerItemProxy section */
		9FA2FDBF27A28EA1000BD4E5 /* PBXContainerItemProxy */ = {
			isa = PBXContainerItemProxy;
			containerPortal = 9FA2FDA627A28E9F000BD4E5 /* Project object */;
			proxyType = 1;
			remoteGlobalIDString = 9FA2FDAD27A28E9F000BD4E5;
			remoteInfo = TestAppcoda1;
		};
		9FA2FDC927A28EA1000BD4E5 /* PBXContainerItemProxy */ = {
			isa = PBXContainerItemProxy;
			containerPortal = 9FA2FDA627A28E9F000BD4E5 /* Project object */;
			proxyType = 1;
			remoteGlobalIDString = 9FA2FDAD27A28E9F000BD4E5;
			remoteInfo = TestAppcoda1;
		};
/* End PBXContainerItemProxy section */

/* Begin PBXFileReference section */
		9FA2FDAE27A28E9F000BD4E5 /* TestAppcoda1.app */ = {isa = PBXFileReference; explicitFileType = wrapper.application; includeInIndex = 0; path = TestAppcoda1.app; sourceTree = BUILT_PRODUCTS_DIR; };
		9FA2FDB127A28E9F000BD4E5 /* TestAppcoda1App.swift */ = {isa = PBXFileReference; lastKnownFileType = sourcecode.swift; path = TestAppcoda1App.swift; sourceTree = "<group>"; };
		9FA2FDB327A28E9F000BD4E5 /* ContentView.swift */ = {isa = PBXFileReference; lastKnownFileType = sourcecode.swift; path = ContentView.swift; sourceTree = "<group>"; };
		9FA2FDB527A28EA1000BD4E5 /* Assets.xcassets */ = {isa = PBXFileReference; lastKnownFileType = folder.assetcatalog; path = Assets.xcassets; sourceTree = "<group>"; };
		9FA2FDB827A28EA1000BD4E5 /* Preview Assets.xcassets */ = {isa = PBXFileReference; lastKnownFileType = folder.assetcatalog; path = "Preview Assets.xcassets"; sourceTree = "<group>"; };
		9FA2FDBE27A28EA1000BD4E5 /* TestAppcoda1Tests.xctest */ = {isa = PBXFileReference; explicitFileType = wrapper.cfbundle; includeInIndex = 0; path = TestAppcoda1Tests.xctest; sourceTree = BUILT_PRODUCTS_DIR; };
		9FA2FDC227A28EA1000BD4E5 /* TestAppcoda1Tests.swift */ = {isa = PBXFileReference; lastKnownFileType = sourcecode.swift; path = TestAppcoda1Tests.swift; sourceTree = "<group>"; };
		9FA2FDC827A28EA1000BD4E5 /* TestAppcoda1UITests.xctest */ = {isa = PBXFileReference; explicitFileType = wrapper.cfbundle; includeInIndex = 0; path = TestAppcoda1UITests.xctest; sourceTree = BUILT_PRODUCTS_DIR; };
		9FA2FDCC27A28EA1000BD4E5 /* TestAppcoda1UITests.swift */ = {isa = PBXFileReference; lastKnownFileType = sourcecode.swift; path = TestAppcoda1UITests.swift; sourceTree = "<group>"; };
		9FA2FDCE27A28EA1000BD4E5 /* TestAppcoda1UITestsLaunchTests.swift */ = {isa = PBXFileReference; lastKnownFileType = sourcecode.swift; path = TestAppcoda1UITestsLaunchTests.swift; sourceTree = "<group>"; };
		9FA2FDDB27A4DD84000BD4E5 /* Restaurant.swift */ = {isa = PBXFileReference; lastKnownFileType = sourcecode.swift; path = Restaurant.swift; sourceTree = "<group>"; };
		9FA2FDDD27B23E59000BD4E5 /* RestaurantDetailView.swift */ = {isa = PBXFileReference; lastKnownFileType = sourcecode.swift; path = RestaurantDetailView.swift; sourceTree = "<group>"; };
		9FA2FDDF27B35A7A000BD4E5 /* UIColorExt.swift */ = {isa = PBXFileReference; lastKnownFileType = sourcecode.swift; path = UIColorExt.swift; sourceTree = "<group>"; };
		9FFD753827B66ABE00BA30C1 /* Rating.swift */ = {isa = PBXFileReference; lastKnownFileType = sourcecode.swift; path = Rating.swift; sourceTree = "<group>"; };
/* End PBXFileReference section */

/* Begin PBXFrameworksBuildPhase section */
		9FA2FDAB27A28E9F000BD4E5 /* Frameworks */ = {
			isa = PBXFrameworksBuildPhase;
			buildActionMask = 2147483647;
			files = (
			);
			runOnlyForDeploymentPostprocessing = 0;
		};
		9FA2FDBB27A28EA1000BD4E5 /* Frameworks */ = {
			isa = PBXFrameworksBuildPhase;
			buildActionMask = 2147483647;
			files = (
			);
			runOnlyForDeploymentPostprocessing = 0;
		};
		9FA2FDC527A28EA1000BD4E5 /* Frameworks */ = {
			isa = PBXFrameworksBuildPhase;
			buildActionMask = 2147483647;
			files = (
			);
			runOnlyForDeploymentPostprocessing = 0;
		};
/* End PBXFrameworksBuildPhase section */

/* Begin PBXGroup section */
		9FA2FDA527A28E9F000BD4E5 = {
			isa = PBXGroup;
			children = (
				9FA2FDB027A28E9F000BD4E5 /* TestAppcoda1 */,
				9FA2FDC127A28EA1000BD4E5 /* TestAppcoda1Tests */,
				9FA2FDCB27A28EA1000BD4E5 /* TestAppcoda1UITests */,
				9FA2FDAF27A28E9F000BD4E5 /* Products */,
			);
			sourceTree = "<group>";
		};
		9FA2FDAF27A28E9F000BD4E5 /* Products */ = {
			isa = PBXGroup;
			children = (
				9FA2FDAE27A28E9F000BD4E5 /* TestAppcoda1.app */,
				9FA2FDBE27A28EA1000BD4E5 /* TestAppcoda1Tests.xctest */,
				9FA2FDC827A28EA1000BD4E5 /* TestAppcoda1UITests.xctest */,
			);
			name = Products;
			sourceTree = "<group>";
		};
		9FA2FDB027A28E9F000BD4E5 /* TestAppcoda1 */ = {
			isa = PBXGroup;
			children = (
				9FA2FDB127A28E9F000BD4E5 /* TestAppcoda1App.swift */,
				9FA2FDB327A28E9F000BD4E5 /* ContentView.swift */,
				9FA2FDDD27B23E59000BD4E5 /* RestaurantDetailView.swift */,
				9FA2FDB527A28EA1000BD4E5 /* Assets.xcassets */,
				9FA2FDB727A28EA1000BD4E5 /* Preview Content */,
				9FA2FDDB27A4DD84000BD4E5 /* Restaurant.swift */,
				9FA2FDDF27B35A7A000BD4E5 /* UIColorExt.swift */,
				9FFD753827B66ABE00BA30C1 /* Rating.swift */,
			);
			path = TestAppcoda1;
			sourceTree = "<group>";
		};
		9FA2FDB727A28EA1000BD4E5 /* Preview Content */ = {
			isa = PBXGroup;
			children = (
				9FA2FDB827A28EA1000BD4E5 /* Preview Assets.xcassets */,
			);
			path = "Preview Content";
			sourceTree = "<group>";
		};
		9FA2FDC127A28EA1000BD4E5 /* TestAppcoda1Tests */ = {
			isa = PBXGroup;
			children = (
				9FA2FDC227A28EA1000BD4E5 /* TestAppcoda1Tests.swift */,
			);
			path = TestAppcoda1Tests;
			sourceTree = "<group>";
		};
		9FA2FDCB27A28EA1000BD4E5 /* TestAppcoda1UITests */ = {
			isa = PBXGroup;
			children = (
				9FA2FDCC27A28EA1000BD4E5 /* TestAppcoda1UITests.swift */,
				9FA2FDCE27A28EA1000BD4E5 /* TestAppcoda1UITestsLaunchTests.swift */,
			);
			path = TestAppcoda1UITests;
			sourceTree = "<group>";
		};
/* End PBXGroup section */

/* Begin PBXNativeTarget section */
		9FA2FDAD27A28E9F000BD4E5 /* TestAppcoda1 */ = {
			isa = PBXNativeTarget;
			buildConfigurationList = 9FA2FDD227A28EA1000BD4E5 /* Build configuration list for PBXNativeTarget "TestAppcoda1" */;
			buildPhases = (
				9FA2FDAA27A28E9F000BD4E5 /* Sources */,
				9FA2FDAB27A28E9F000BD4E5 /* Frameworks */,
				9FA2FDAC27A28E9F000BD4E5 /* Resources */,
			);
			buildRules = (
			);
			dependencies = (
			);
			name = TestAppcoda1;
			productName = TestAppcoda1;
			productReference = 9FA2FDAE27A28E9F000BD4E5 /* TestAppcoda1.app */;
			productType = "com.apple.product-type.application";
		};
		9FA2FDBD27A28EA1000BD4E5 /* TestAppcoda1Tests */ = {
			isa = PBXNativeTarget;
			buildConfigurationList = 9FA2FDD527A28EA1000BD4E5 /* Build configuration list for PBXNativeTarget "TestAppcoda1Tests" */;
			buildPhases = (
				9FA2FDBA27A28EA1000BD4E5 /* Sources */,
				9FA2FDBB27A28EA1000BD4E5 /* Frameworks */,
				9FA2FDBC27A28EA1000BD4E5 /* Resources */,
			);
			buildRules = (
			);
			dependencies = (
				9FA2FDC027A28EA1000BD4E5 /* PBXTargetDependency */,
			);
			name = TestAppcoda1Tests;
			productName = TestAppcoda1Tests;
			productReference = 9FA2FDBE27A28EA1000BD4E5 /* TestAppcoda1Tests.xctest */;
			productType = "com.apple.product-type.bundle.unit-test";
		};
		9FA2FDC727A28EA1000BD4E5 /* TestAppcoda1UITests */ = {
			isa = PBXNativeTarget;
			buildConfigurationList = 9FA2FDD827A28EA1000BD4E5 /* Build configuration list for PBXNativeTarget "TestAppcoda1UITests" */;
			buildPhases = (
				9FA2FDC427A28EA1000BD4E5 /* Sources */,
				9FA2FDC527A28EA1000BD4E5 /* Frameworks */,
				9FA2FDC627A28EA1000BD4E5 /* Resources */,
			);
			buildRules = (
			);
			dependencies = (
				9FA2FDCA27A28EA1000BD4E5 /* PBXTargetDependency */,
			);
			name = TestAppcoda1UITests;
			productName = TestAppcoda1UITests;
			productReference = 9FA2FDC827A28EA1000BD4E5 /* TestAppcoda1UITests.xctest */;
			productType = "com.apple.product-type.bundle.ui-testing";
		};
/* End PBXNativeTarget section */

/* Begin PBXProject section */
		9FA2FDA627A28E9F000BD4E5 /* Project object */ = {
			isa = PBXProject;
			attributes = {
				BuildIndependentTargetsInParallel = 1;
				LastSwiftUpdateCheck = 1320;
				LastUpgradeCheck = 1320;
				TargetAttributes = {
					9FA2FDAD27A28E9F000BD4E5 = {
						CreatedOnToolsVersion = 13.2.1;
					};
					9FA2FDBD27A28EA1000BD4E5 = {
						CreatedOnToolsVersion = 13.2.1;
						TestTargetID = 9FA2FDAD27A28E9F000BD4E5;
					};
					9FA2FDC727A28EA1000BD4E5 = {
						CreatedOnToolsVersion = 13.2.1;
						TestTargetID = 9FA2FDAD27A28E9F000BD4E5;
					};
				};
			};
			buildConfigurationList = 9FA2FDA927A28E9F000BD4E5 /* Build configuration list for PBXProject "TestAppcoda1" */;
			compatibilityVersion = "Xcode 13.0";
			developmentRegion = en;
			hasScannedForEncodings = 0;
			knownRegions = (
				en,
				Base,
			);
			mainGroup = 9FA2FDA527A28E9F000BD4E5;
			productRefGroup = 9FA2FDAF27A28E9F000BD4E5 /* Products */;
			projectDirPath = "";
			projectRoot = "";
			targets = (
				9FA2FDAD27A28E9F000BD4E5 /* TestAppcoda1 */,
				9FA2FDBD27A28EA1000BD4E5 /* TestAppcoda1Tests */,
				9FA2FDC727A28EA1000BD4E5 /* TestAppcoda1UITests */,
			);
		};
/* End PBXProject section */

/* Begin PBXResourcesBuildPhase section */
		9FA2FDAC27A28E9F000BD4E5 /* Resources */ = {
			isa = PBXResourcesBuildPhase;
			buildActionMask = 2147483647;
			files = (
				9FA2FDB927A28EA1000BD4E5 /* Preview Assets.xcassets in Resources */,
				9FA2FDB627A28EA1000BD4E5 /* Assets.xcassets in Resources */,
			);
			runOnlyForDeploymentPostprocessing = 0;
		};
		9FA2FDBC27A28EA1000BD4E5 /* Resources */ = {
			isa = PBXResourcesBuildPhase;
			buildActionMask = 2147483647;
			files = (
			);
			runOnlyForDeploymentPostprocessing = 0;
		};
		9FA2FDC627A28EA1000BD4E5 /* Resources */ = {
			isa = PBXResourcesBuildPhase;
			buildActionMask = 2147483647;
			files = (
			);
			runOnlyForDeploymentPostprocessing = 0;
		};
/* End PBXResourcesBuildPhase section */

/* Begin PBXSourcesBuildPhase section */
		9FA2FDAA27A28E9F000BD4E5 /* Sources */ = {
			isa = PBXSourcesBuildPhase;
			buildActionMask = 2147483647;
			files = (
				9FFD753927B66ABE00BA30C1 /* Rating.swift in Sources */,
				9FA2FDDE27B23E59000BD4E5 /* RestaurantDetailView.swift in Sources */,
				9FA2FDB427A28E9F000BD4E5 /* ContentView.swift in Sources */,
				9FA2FDB227A28E9F000BD4E5 /* TestAppcoda1App.swift in Sources */,
				9FA2FDDC27A4DD84000BD4E5 /* Restaurant.swift in Sources */,
				9FA2FDE027B35A7A000BD4E5 /* UIColorExt.swift in Sources */,
			);
			runOnlyForDeploymentPostprocessing = 0;
		};
		9FA2FDBA27A28EA1000BD4E5 /* Sources */ = {
			isa = PBXSourcesBuildPhase;
			buildActionMask = 2147483647;
			files = (
				9FA2FDC327A28EA1000BD4E5 /* TestAppcoda1Tests.swift in Sources */,
			);
			runOnlyForDeploymentPostprocessing = 0;
		};
		9FA2FDC427A28EA1000BD4E5 /* Sources */ = {
			isa = PBXSourcesBuildPhase;
			buildActionMask = 2147483647;
			files = (
				9FA2FDCD27A28EA1000BD4E5 /* TestAppcoda1UITests.swift in Sources */,
				9FA2FDCF27A28EA1000BD4E5 /* TestAppcoda1UITestsLaunchTests.swift in Sources */,
			);
			runOnlyForDeploymentPostprocessing = 0;
		};
/* End PBXSourcesBuildPhase section */

/* Begin PBXTargetDependency section */
		9FA2FDC027A28EA1000BD4E5 /* PBXTargetDependency */ = {
			isa = PBXTargetDependency;
			target = 9FA2FDAD27A28E9F000BD4E5 /* TestAppcoda1 */;
			targetProxy = 9FA2FDBF27A28EA1000BD4E5 /* PBXContainerItemProxy */;
		};
		9FA2FDCA27A28EA1000BD4E5 /* PBXTargetDependency */ = {
			isa = PBXTargetDependency;
			target = 9FA2FDAD27A28E9F000BD4E5 /* TestAppcoda1 */;
			targetProxy = 9FA2FDC927A28EA1000BD4E5 /* PBXContainerItemProxy */;
		};
/* End PBXTargetDependency section */

/* Begin XCBuildConfiguration section */
		9FA2FDD027A28EA1000BD4E5 /* Debug */ = {
			isa = XCBuildConfiguration;
			buildSettings = {
				ALWAYS_SEARCH_USER_PATHS = NO;
				CLANG_ANALYZER_NONNULL = YES;
				CLANG_ANALYZER_NUMBER_OBJECT_CONVERSION = YES_AGGRESSIVE;
				CLANG_CXX_LANGUAGE_STANDARD = "gnu++17";
				CLANG_CXX_LIBRARY = "libc++";
				CLANG_ENABLE_MODULES = YES;
				CLANG_ENABLE_OBJC_ARC = YES;
				CLANG_ENABLE_OBJC_WEAK = YES;
				CLANG_WARN_BLOCK_CAPTURE_AUTORELEASING = YES;
				CLANG_WARN_BOOL_CONVERSION = YES;
				CLANG_WARN_COMMA = YES;
				CLANG_WARN_CONSTANT_CONVERSION = YES;
				CLANG_WARN_DEPRECATED_OBJC_IMPLEMENTATIONS = YES;
				CLANG_WARN_DIRECT_OBJC_ISA_USAGE = YES_ERROR;
				CLANG_WARN_DOCUMENTATION_COMMENTS = YES;
				CLANG_WARN_EMPTY_BODY = YES;
				CLANG_WARN_ENUM_CONVERSION = YES;
				CLANG_WARN_INFINITE_RECURSION = YES;
				CLANG_WARN_INT_CONVERSION = YES;
				CLANG_WARN_NON_LITERAL_NULL_CONVERSION = YES;
				CLANG_WARN_OBJC_IMPLICIT_RETAIN_SELF = YES;
				CLANG_WARN_OBJC_LITERAL_CONVERSION = YES;
				CLANG_WARN_OBJC_ROOT_CLASS = YES_ERROR;
				CLANG_WARN_QUOTED_INCLUDE_IN_FRAMEWORK_HEADER = YES;
				CLANG_WARN_RANGE_LOOP_ANALYSIS = YES;
				CLANG_WARN_STRICT_PROTOTYPES = YES;
				CLANG_WARN_SUSPICIOUS_MOVE = YES;
				CLANG_WARN_UNGUARDED_AVAILABILITY = YES_AGGRESSIVE;
				CLANG_WARN_UNREACHABLE_CODE = YES;
				CLANG_WARN__DUPLICATE_METHOD_MATCH = YES;
				COPY_PHASE_STRIP = NO;
				DEBUG_INFORMATION_FORMAT = dwarf;
				ENABLE_STRICT_OBJC_MSGSEND = YES;
				ENABLE_TESTABILITY = YES;
				GCC_C_LANGUAGE_STANDARD = gnu11;
				GCC_DYNAMIC_NO_PIC = NO;
				GCC_NO_COMMON_BLOCKS = YES;
				GCC_OPTIMIZATION_LEVEL = 0;
				GCC_PREPROCESSOR_DEFINITIONS = (
					"DEBUG=1",
					"$(inherited)",
				);
				GCC_WARN_64_TO_32_BIT_CONVERSION = YES;
				GCC_WARN_ABOUT_RETURN_TYPE = YES_ERROR;
				GCC_WARN_UNDECLARED_SELECTOR = YES;
				GCC_WARN_UNINITIALIZED_AUTOS = YES_AGGRESSIVE;
				GCC_WARN_UNUSED_FUNCTION = YES;
				GCC_WARN_UNUSED_VARIABLE = YES;
				IPHONEOS_DEPLOYMENT_TARGET = 15.2;
				MTL_ENABLE_DEBUG_INFO = INCLUDE_SOURCE;
				MTL_FAST_MATH = YES;
				ONLY_ACTIVE_ARCH = YES;
				SDKROOT = iphoneos;
				SWIFT_ACTIVE_COMPILATION_CONDITIONS = DEBUG;
				SWIFT_OPTIMIZATION_LEVEL = "-Onone";
			};
			name = Debug;
		};
		9FA2FDD127A28EA1000BD4E5 /* Release */ = {
			isa = XCBuildConfiguration;
			buildSettings = {
				ALWAYS_SEARCH_USER_PATHS = NO;
				CLANG_ANALYZER_NONNULL = YES;
				CLANG_ANALYZER_NUMBER_OBJECT_CONVERSION = YES_AGGRESSIVE;
				CLANG_CXX_LANGUAGE_STANDARD = "gnu++17";
				CLANG_CXX_LIBRARY = "libc++";
				CLANG_ENABLE_MODULES = YES;
				CLANG_ENABLE_OBJC_ARC = YES;
				CLANG_ENABLE_OBJC_WEAK = YES;
				CLANG_WARN_BLOCK_CAPTURE_AUTORELEASING = YES;
				CLANG_WARN_BOOL_CONVERSION = YES;
				CLANG_WARN_COMMA = YES;
				CLANG_WARN_CONSTANT_CONVERSION = YES;
				CLANG_WARN_DEPRECATED_OBJC_IMPLEMENTATIONS = YES;
				CLANG_WARN_DIRECT_OBJC_ISA_USAGE = YES_ERROR;
				CLANG_WARN_DOCUMENTATION_COMMENTS = YES;
				CLANG_WARN_EMPTY_BODY = YES;
				CLANG_WARN_ENUM_CONVERSION = YES;
				CLANG_WARN_INFINITE_RECURSION = YES;
				CLANG_WARN_INT_CONVERSION = YES;
				CLANG_WARN_NON_LITERAL_NULL_CONVERSION = YES;
				CLANG_WARN_OBJC_IMPLICIT_RETAIN_SELF = YES;
				CLANG_WARN_OBJC_LITERAL_CONVERSION = YES;
				CLANG_WARN_OBJC_ROOT_CLASS = YES_ERROR;
				CLANG_WARN_QUOTED_INCLUDE_IN_FRAMEWORK_HEADER = YES;
				CLANG_WARN_RANGE_LOOP_ANALYSIS = YES;
				CLANG_WARN_STRICT_PROTOTYPES = YES;
				CLANG_WARN_SUSPICIOUS_MOVE = YES;
				CLANG_WARN_UNGUARDED_AVAILABILITY = YES_AGGRESSIVE;
				CLANG_WARN_UNREACHABLE_CODE = YES;
				CLANG_WARN__DUPLICATE_METHOD_MATCH = YES;
				COPY_PHASE_STRIP = NO;
				DEBUG_INFORMATION_FORMAT = "dwarf-with-dsym";
				ENABLE_NS_ASSERTIONS = NO;
				ENABLE_STRICT_OBJC_MSGSEND = YES;
				GCC_C_LANGUAGE_STANDARD = gnu11;
				GCC_NO_COMMON_BLOCKS = YES;
				GCC_WARN_64_TO_32_BIT_CONVERSION = YES;
				GCC_WARN_ABOUT_RETURN_TYPE = YES_ERROR;
				GCC_WARN_UNDECLARED_SELECTOR = YES;
				GCC_WARN_UNINITIALIZED_AUTOS = YES_AGGRESSIVE;
				GCC_WARN_UNUSED_FUNCTION = YES;
				GCC_WARN_UNUSED_VARIABLE = YES;
				IPHONEOS_DEPLOYMENT_TARGET = 15.2;
				MTL_ENABLE_DEBUG_INFO = NO;
				MTL_FAST_MATH = YES;
				SDKROOT = iphoneos;
				SWIFT_COMPILATION_MODE = wholemodule;
				SWIFT_OPTIMIZATION_LEVEL = "-O";
				VALIDATE_PRODUCT = YES;
			};
			name = Release;
		};
		9FA2FDD327A28EA1000BD4E5 /* Debug */ = {
			isa = XCBuildConfiguration;
			buildSettings = {
				ASSETCATALOG_COMPILER_APPICON_NAME = AppIcon;
				ASSETCATALOG_COMPILER_GLOBAL_ACCENT_COLOR_NAME = AccentColor;
				CODE_SIGN_STYLE = Automatic;
				CURRENT_PROJECT_VERSION = 1;
				DEVELOPMENT_ASSET_PATHS = "\"TestAppcoda1/Preview Content\"";
				DEVELOPMENT_TEAM = 9SKDGJS28P;
				ENABLE_PREVIEWS = YES;
				GENERATE_INFOPLIST_FILE = YES;
				INFOPLIST_KEY_UIApplicationSceneManifest_Generation = YES;
				INFOPLIST_KEY_UIApplicationSupportsIndirectInputEvents = YES;
				INFOPLIST_KEY_UILaunchScreen_Generation = YES;
				INFOPLIST_KEY_UISupportedInterfaceOrientations_iPad = "UIInterfaceOrientationPortrait UIInterfaceOrientationPortraitUpsideDown UIInterfaceOrientationLandscapeLeft UIInterfaceOrientationLandscapeRight";
				INFOPLIST_KEY_UISupportedInterfaceOrientations_iPhone = "UIInterfaceOrientationPortrait UIInterfaceOrientationLandscapeLeft UIInterfaceOrientationLandscapeRight";
				IPHONEOS_DEPLOYMENT_TARGET = 15.0;
				LD_RUNPATH_SEARCH_PATHS = (
					"$(inherited)",
					"@executable_path/Frameworks",
				);
				MARKETING_VERSION = 1.0;
				PRODUCT_BUNDLE_IDENTIFIER = com.cocoa.TestAppcoda1;
				PRODUCT_NAME = "$(TARGET_NAME)";
				SWIFT_EMIT_LOC_STRINGS = YES;
				SWIFT_VERSION = 5.0;
				TARGETED_DEVICE_FAMILY = "1,2";
			};
			name = Debug;
		};
		9FA2FDD427A28EA1000BD4E5 /* Release */ = {
			isa = XCBuildConfiguration;
			buildSettings = {
				ASSETCATALOG_COMPILER_APPICON_NAME = AppIcon;
				ASSETCATALOG_COMPILER_GLOBAL_ACCENT_COLOR_NAME = AccentColor;
				CODE_SIGN_STYLE = Automatic;
				CURRENT_PROJECT_VERSION = 1;
				DEVELOPMENT_ASSET_PATHS = "\"TestAppcoda1/Preview Content\"";
				DEVELOPMENT_TEAM = 9SKDGJS28P;
				ENABLE_PREVIEWS = YES;
				GENERATE_INFOPLIST_FILE = YES;
				INFOPLIST_KEY_UIApplicationSceneManifest_Generation = YES;
				INFOPLIST_KEY_UIApplicationSupportsIndirectInputEvents = YES;
				INFOPLIST_KEY_UILaunchScreen_Generation = YES;
				INFOPLIST_KEY_UISupportedInterfaceOrientations_iPad = "UIInterfaceOrientationPortrait UIInterfaceOrientationPortraitUpsideDown UIInterfaceOrientationLandscapeLeft UIInterfaceOrientationLandscapeRight";
				INFOPLIST_KEY_UISupportedInterfaceOrientations_iPhone = "UIInterfaceOrientationPortrait UIInterfaceOrientationLandscapeLeft UIInterfaceOrientationLandscapeRight";
				IPHONEOS_DEPLOYMENT_TARGET = 15.0;
				LD_RUNPATH_SEARCH_PATHS = (
					"$(inherited)",
					"@executable_path/Frameworks",
				);
				MARKETING_VERSION = 1.0;
				PRODUCT_BUNDLE_IDENTIFIER = com.cocoa.TestAppcoda1;
				PRODUCT_NAME = "$(TARGET_NAME)";
				SWIFT_EMIT_LOC_STRINGS = YES;
				SWIFT_VERSION = 5.0;
				TARGETED_DEVICE_FAMILY = "1,2";
			};
			name = Release;
		};
		9FA2FDD627A28EA1000BD4E5 /* Debug */ = {
			isa = XCBuildConfiguration;
			buildSettings = {
				ALWAYS_EMBED_SWIFT_STANDARD_LIBRARIES = YES;
				BUNDLE_LOADER = "$(TEST_HOST)";
				CODE_SIGN_STYLE = Automatic;
				CURRENT_PROJECT_VERSION = 1;
				DEVELOPMENT_TEAM = 9SKDGJS28P;
				GENERATE_INFOPLIST_FILE = YES;
				IPHONEOS_DEPLOYMENT_TARGET = 15.2;
				MARKETING_VERSION = 1.0;
				PRODUCT_BUNDLE_IDENTIFIER = com.cocoa.TestAppcoda1Tests;
				PRODUCT_NAME = "$(TARGET_NAME)";
				SWIFT_EMIT_LOC_STRINGS = NO;
				SWIFT_VERSION = 5.0;
				TARGETED_DEVICE_FAMILY = "1,2";
				TEST_HOST = "$(BUILT_PRODUCTS_DIR)/TestAppcoda1.app/TestAppcoda1";
			};
			name = Debug;
		};
		9FA2FDD727A28EA1000BD4E5 /* Release */ = {
			isa = XCBuildConfiguration;
			buildSettings = {
				ALWAYS_EMBED_SWIFT_STANDARD_LIBRARIES = YES;
				BUNDLE_LOADER = "$(TEST_HOST)";
				CODE_SIGN_STYLE = Automatic;
				CURRENT_PROJECT_VERSION = 1;
				DEVELOPMENT_TEAM = 9SKDGJS28P;
				GENERATE_INFOPLIST_FILE = YES;
				IPHONEOS_DEPLOYMENT_TARGET = 15.2;
				MARKETING_VERSION = 1.0;
				PRODUCT_BUNDLE_IDENTIFIER = com.cocoa.TestAppcoda1Tests;
				PRODUCT_NAME = "$(TARGET_NAME)";
				SWIFT_EMIT_LOC_STRINGS = NO;
				SWIFT_VERSION = 5.0;
				TARGETED_DEVICE_FAMILY = "1,2";
				TEST_HOST = "$(BUILT_PRODUCTS_DIR)/TestAppcoda1.app/TestAppcoda1";
			};
			name = Release;
		};
		9FA2FDD927A28EA1000BD4E5 /* Debug */ = {
			isa = XCBuildConfiguration;
			buildSettings = {
				ALWAYS_EMBED_SWIFT_STANDARD_LIBRARIES = YES;
				CODE_SIGN_STYLE = Automatic;
				CURRENT_PROJECT_VERSION = 1;
				DEVELOPMENT_TEAM = 9SKDGJS28P;
				GENERATE_INFOPLIST_FILE = YES;
				MARKETING_VERSION = 1.0;
				PRODUCT_BUNDLE_IDENTIFIER = com.cocoa.TestAppcoda1UITests;
				PRODUCT_NAME = "$(TARGET_NAME)";
				SWIFT_EMIT_LOC_STRINGS = NO;
				SWIFT_VERSION = 5.0;
				TARGETED_DEVICE_FAMILY = "1,2";
				TEST_TARGET_NAME = TestAppcoda1;
			};
			name = Debug;
		};
		9FA2FDDA27A28EA1000BD4E5 /* Release */ = {
			isa = XCBuildConfiguration;
			buildSettings = {
				ALWAYS_EMBED_SWIFT_STANDARD_LIBRARIES = YES;
				CODE_SIGN_STYLE = Automatic;
				CURRENT_PROJECT_VERSION = 1;
				DEVELOPMENT_TEAM = 9SKDGJS28P;
				GENERATE_INFOPLIST_FILE = YES;
				MARKETING_VERSION = 1.0;
				PRODUCT_BUNDLE_IDENTIFIER = com.cocoa.TestAppcoda1UITests;
				PRODUCT_NAME = "$(TARGET_NAME)";
				SWIFT_EMIT_LOC_STRINGS = NO;
				SWIFT_VERSION = 5.0;
				TARGETED_DEVICE_FAMILY = "1,2";
				TEST_TARGET_NAME = TestAppcoda1;
			};
			name = Release;
		};
/* End XCBuildConfiguration section */

/* Begin XCConfigurationList section */
		9FA2FDA927A28E9F000BD4E5 /* Build configuration list for PBXProject "TestAppcoda1" */ = {
			isa = XCConfigurationList;
			buildConfigurations = (
				9FA2FDD027A28EA1000BD4E5 /* Debug */,
				9FA2FDD127A28EA1000BD4E5 /* Release */,
			);
			defaultConfigurationIsVisible = 0;
			defaultConfigurationName = Release;
		};
		9FA2FDD227A28EA1000BD4E5 /* Build configuration list for PBXNativeTarget "TestAppcoda1" */ = {
			isa = XCConfigurationList;
			buildConfigurations = (
				9FA2FDD327A28EA1000BD4E5 /* Debug */,
				9FA2FDD427A28EA1000BD4E5 /* Release */,
			);
			defaultConfigurationIsVisible = 0;
			defaultConfigurationName = Release;
		};
		9FA2FDD527A28EA1000BD4E5 /* Build configuration list for PBXNativeTarget "TestAppcoda1Tests" */ = {
			isa = XCConfigurationList;
			buildConfigurations = (
				9FA2FDD627A28EA1000BD4E5 /* Debug */,
				9FA2FDD727A28EA1000BD4E5 /* Release */,
			);
			defaultConfigurationIsVisible = 0;
			defaultConfigurationName = Release;
		};
		9FA2FDD827A28EA1000BD4E5 /* Build configuration list for PBXNativeTarget "TestAppcoda1UITests" */ = {
			isa = XCConfigurationList;
			buildConfigurations = (
				9FA2FDD927A28EA1000BD4E5 /* Debug */,
				9FA2FDDA27A28EA1000BD4E5 /* Release */,
			);
			defaultConfigurationIsVisible = 0;
			defaultConfigurationName = Release;
		};
/* End XCConfigurationList section */
	};
	rootObject = 9FA2FDA627A28E9F000BD4E5 /* Project object */;
}
