// !$*UTF8*$!
{
	archiveVersion = 1;
	classes = {
	};
	objectVersion = 55;
	objects = {

/* Begin PBXBuildFile section */
		9F46B4D32871E98100E250FF /* CodeDesignWithiOS15App.swift in Sources */ = {isa = PBXBuildFile; fileRef = 9F46B4D22871E98100E250FF /* CodeDesignWithiOS15App.swift */; };
		9F46B4D52871E98100E250FF /* ContentView.swift in Sources */ = {isa = PBXBuildFile; fileRef = 9F46B4D42871E98100E250FF /* ContentView.swift */; };
		9F46B4D72871E98300E250FF /* Assets.xcassets in Resources */ = {isa = PBXBuildFile; fileRef = 9F46B4D62871E98300E250FF /* Assets.xcassets */; };
		9F46B4DA2871E98300E250FF /* Preview Assets.xcassets in Resources */ = {isa = PBXBuildFile; fileRef = 9F46B4D92871E98300E250FF /* Preview Assets.xcassets */; };
		9F46B4E42871E98300E250FF /* CodeDesignWithiOS15Tests.swift in Sources */ = {isa = PBXBuildFile; fileRef = 9F46B4E32871E98300E250FF /* CodeDesignWithiOS15Tests.swift */; };
		9F46B4EE2871E98300E250FF /* CodeDesignWithiOS15UITests.swift in Sources */ = {isa = PBXBuildFile; fileRef = 9F46B4ED2871E98300E250FF /* CodeDesignWithiOS15UITests.swift */; };
		9F46B4F02871E98300E250FF /* CodeDesignWithiOS15UITestsLaunchTests.swift in Sources */ = {isa = PBXBuildFile; fileRef = 9F46B4EF2871E98300E250FF /* CodeDesignWithiOS15UITestsLaunchTests.swift */; };
		9F684F4E2876BD540015C266 /* SVGView in Frameworks */ = {isa = PBXBuildFile; productRef = 9F684F4D2876BD540015C266 /* SVGView */; };
/* End PBXBuildFile section */

/* Begin PBXContainerItemProxy section */
		9F46B4E02871E98300E250FF /* PBXContainerItemProxy */ = {
			isa = PBXContainerItemProxy;
			containerPortal = 9F46B4C72871E98000E250FF /* Project object */;
			proxyType = 1;
			remoteGlobalIDString = 9F46B4CE2871E98000E250FF;
			remoteInfo = CodeDesignWithiOS15;
		};
		9F46B4EA2871E98300E250FF /* PBXContainerItemProxy */ = {
			isa = PBXContainerItemProxy;
			containerPortal = 9F46B4C72871E98000E250FF /* Project object */;
			proxyType = 1;
			remoteGlobalIDString = 9F46B4CE2871E98000E250FF;
			remoteInfo = CodeDesignWithiOS15;
		};
/* End PBXContainerItemProxy section */

/* Begin PBXFileReference section */
		9F46B4CF2871E98100E250FF /* CodeDesignWithiOS15.app */ = {isa = PBXFileReference; explicitFileType = wrapper.application; includeInIndex = 0; path = CodeDesignWithiOS15.app; sourceTree = BUILT_PRODUCTS_DIR; };
		9F46B4D22871E98100E250FF /* CodeDesignWithiOS15App.swift */ = {isa = PBXFileReference; lastKnownFileType = sourcecode.swift; path = CodeDesignWithiOS15App.swift; sourceTree = "<group>"; };
		9F46B4D42871E98100E250FF /* ContentView.swift */ = {isa = PBXFileReference; lastKnownFileType = sourcecode.swift; path = ContentView.swift; sourceTree = "<group>"; };
		9F46B4D62871E98300E250FF /* Assets.xcassets */ = {isa = PBXFileReference; lastKnownFileType = folder.assetcatalog; path = Assets.xcassets; sourceTree = "<group>"; };
		9F46B4D92871E98300E250FF /* Preview Assets.xcassets */ = {isa = PBXFileReference; lastKnownFileType = folder.assetcatalog; path = "Preview Assets.xcassets"; sourceTree = "<group>"; };
		9F46B4DF2871E98300E250FF /* CodeDesignWithiOS15Tests.xctest */ = {isa = PBXFileReference; explicitFileType = wrapper.cfbundle; includeInIndex = 0; path = CodeDesignWithiOS15Tests.xctest; sourceTree = BUILT_PRODUCTS_DIR; };
		9F46B4E32871E98300E250FF /* CodeDesignWithiOS15Tests.swift */ = {isa = PBXFileReference; lastKnownFileType = sourcecode.swift; path = CodeDesignWithiOS15Tests.swift; sourceTree = "<group>"; };
		9F46B4E92871E98300E250FF /* CodeDesignWithiOS15UITests.xctest */ = {isa = PBXFileReference; explicitFileType = wrapper.cfbundle; includeInIndex = 0; path = CodeDesignWithiOS15UITests.xctest; sourceTree = BUILT_PRODUCTS_DIR; };
		9F46B4ED2871E98300E250FF /* CodeDesignWithiOS15UITests.swift */ = {isa = PBXFileReference; lastKnownFileType = sourcecode.swift; path = CodeDesignWithiOS15UITests.swift; sourceTree = "<group>"; };
		9F46B4EF2871E98300E250FF /* CodeDesignWithiOS15UITestsLaunchTests.swift */ = {isa = PBXFileReference; lastKnownFileType = sourcecode.swift; path = CodeDesignWithiOS15UITestsLaunchTests.swift; sourceTree = "<group>"; };
/* End PBXFileReference section */

/* Begin PBXFrameworksBuildPhase section */
		9F46B4CC2871E98000E250FF /* Frameworks */ = {
			isa = PBXFrameworksBuildPhase;
			buildActionMask = 2147483647;
			files = (
				9F684F4E2876BD540015C266 /* SVGView in Frameworks */,
			);
			runOnlyForDeploymentPostprocessing = 0;
		};
		9F46B4DC2871E98300E250FF /* Frameworks */ = {
			isa = PBXFrameworksBuildPhase;
			buildActionMask = 2147483647;
			files = (
			);
			runOnlyForDeploymentPostprocessing = 0;
		};
		9F46B4E62871E98300E250FF /* Frameworks */ = {
			isa = PBXFrameworksBuildPhase;
			buildActionMask = 2147483647;
			files = (
			);
			runOnlyForDeploymentPostprocessing = 0;
		};
/* End PBXFrameworksBuildPhase section */

/* Begin PBXGroup section */
		9F46B4C62871E98000E250FF = {
			isa = PBXGroup;
			children = (
				9F46B4D12871E98100E250FF /* CodeDesignWithiOS15 */,
				9F46B4E22871E98300E250FF /* CodeDesignWithiOS15Tests */,
				9F46B4EC2871E98300E250FF /* CodeDesignWithiOS15UITests */,
				9F46B4D02871E98100E250FF /* Products */,
			);
			sourceTree = "<group>";
		};
		9F46B4D02871E98100E250FF /* Products */ = {
			isa = PBXGroup;
			children = (
				9F46B4CF2871E98100E250FF /* CodeDesignWithiOS15.app */,
				9F46B4DF2871E98300E250FF /* CodeDesignWithiOS15Tests.xctest */,
				9F46B4E92871E98300E250FF /* CodeDesignWithiOS15UITests.xctest */,
			);
			name = Products;
			sourceTree = "<group>";
		};
		9F46B4D12871E98100E250FF /* CodeDesignWithiOS15 */ = {
			isa = PBXGroup;
			children = (
				9F46B4D22871E98100E250FF /* CodeDesignWithiOS15App.swift */,
				9F46B4D42871E98100E250FF /* ContentView.swift */,
				9F46B4D62871E98300E250FF /* Assets.xcassets */,
				9F46B4D82871E98300E250FF /* Preview Content */,
			);
			path = CodeDesignWithiOS15;
			sourceTree = "<group>";
		};
		9F46B4D82871E98300E250FF /* Preview Content */ = {
			isa = PBXGroup;
			children = (
				9F46B4D92871E98300E250FF /* Preview Assets.xcassets */,
			);
			path = "Preview Content";
			sourceTree = "<group>";
		};
		9F46B4E22871E98300E250FF /* CodeDesignWithiOS15Tests */ = {
			isa = PBXGroup;
			children = (
				9F46B4E32871E98300E250FF /* CodeDesignWithiOS15Tests.swift */,
			);
			path = CodeDesignWithiOS15Tests;
			sourceTree = "<group>";
		};
		9F46B4EC2871E98300E250FF /* CodeDesignWithiOS15UITests */ = {
			isa = PBXGroup;
			children = (
				9F46B4ED2871E98300E250FF /* CodeDesignWithiOS15UITests.swift */,
				9F46B4EF2871E98300E250FF /* CodeDesignWithiOS15UITestsLaunchTests.swift */,
			);
			path = CodeDesignWithiOS15UITests;
			sourceTree = "<group>";
		};
/* End PBXGroup section */

/* Begin PBXNativeTarget section */
		9F46B4CE2871E98000E250FF /* CodeDesignWithiOS15 */ = {
			isa = PBXNativeTarget;
			buildConfigurationList = 9F46B4F32871E98300E250FF /* Build configuration list for PBXNativeTarget "CodeDesignWithiOS15" */;
			buildPhases = (
				9F46B4CB2871E98000E250FF /* Sources */,
				9F46B4CC2871E98000E250FF /* Frameworks */,
				9F46B4CD2871E98000E250FF /* Resources */,
			);
			buildRules = (
			);
			dependencies = (
			);
			name = CodeDesignWithiOS15;
			packageProductDependencies = (
				9F684F4D2876BD540015C266 /* SVGView */,
			);
			productName = CodeDesignWithiOS15;
			productReference = 9F46B4CF2871E98100E250FF /* CodeDesignWithiOS15.app */;
			productType = "com.apple.product-type.application";
		};
		9F46B4DE2871E98300E250FF /* CodeDesignWithiOS15Tests */ = {
			isa = PBXNativeTarget;
			buildConfigurationList = 9F46B4F62871E98300E250FF /* Build configuration list for PBXNativeTarget "CodeDesignWithiOS15Tests" */;
			buildPhases = (
				9F46B4DB2871E98300E250FF /* Sources */,
				9F46B4DC2871E98300E250FF /* Frameworks */,
				9F46B4DD2871E98300E250FF /* Resources */,
			);
			buildRules = (
			);
			dependencies = (
				9F46B4E12871E98300E250FF /* PBXTargetDependency */,
			);
			name = CodeDesignWithiOS15Tests;
			productName = CodeDesignWithiOS15Tests;
			productReference = 9F46B4DF2871E98300E250FF /* CodeDesignWithiOS15Tests.xctest */;
			productType = "com.apple.product-type.bundle.unit-test";
		};
		9F46B4E82871E98300E250FF /* CodeDesignWithiOS15UITests */ = {
			isa = PBXNativeTarget;
			buildConfigurationList = 9F46B4F92871E98300E250FF /* Build configuration list for PBXNativeTarget "CodeDesignWithiOS15UITests" */;
			buildPhases = (
				9F46B4E52871E98300E250FF /* Sources */,
				9F46B4E62871E98300E250FF /* Frameworks */,
				9F46B4E72871E98300E250FF /* Resources */,
			);
			buildRules = (
			);
			dependencies = (
				9F46B4EB2871E98300E250FF /* PBXTargetDependency */,
			);
			name = CodeDesignWithiOS15UITests;
			productName = CodeDesignWithiOS15UITests;
			productReference = 9F46B4E92871E98300E250FF /* CodeDesignWithiOS15UITests.xctest */;
			productType = "com.apple.product-type.bundle.ui-testing";
		};
/* End PBXNativeTarget section */

/* Begin PBXProject section */
		9F46B4C72871E98000E250FF /* Project object */ = {
			isa = PBXProject;
			attributes = {
				BuildIndependentTargetsInParallel = 1;
				LastSwiftUpdateCheck = 1340;
				LastUpgradeCheck = 1340;
				TargetAttributes = {
					9F46B4CE2871E98000E250FF = {
						CreatedOnToolsVersion = 13.4.1;
					};
					9F46B4DE2871E98300E250FF = {
						CreatedOnToolsVersion = 13.4.1;
						TestTargetID = 9F46B4CE2871E98000E250FF;
					};
					9F46B4E82871E98300E250FF = {
						CreatedOnToolsVersion = 13.4.1;
						TestTargetID = 9F46B4CE2871E98000E250FF;
					};
				};
			};
			buildConfigurationList = 9F46B4CA2871E98000E250FF /* Build configuration list for PBXProject "CodeDesignWithiOS15" */;
			compatibilityVersion = "Xcode 13.0";
			developmentRegion = en;
			hasScannedForEncodings = 0;
			knownRegions = (
				en,
				Base,
			);
			mainGroup = 9F46B4C62871E98000E250FF;
			packageReferences = (
				9F684F4C2876BD540015C266 /* XCRemoteSwiftPackageReference "SVGView" */,
			);
			productRefGroup = 9F46B4D02871E98100E250FF /* Products */;
			projectDirPath = "";
			projectRoot = "";
			targets = (
				9F46B4CE2871E98000E250FF /* CodeDesignWithiOS15 */,
				9F46B4DE2871E98300E250FF /* CodeDesignWithiOS15Tests */,
				9F46B4E82871E98300E250FF /* CodeDesignWithiOS15UITests */,
			);
		};
/* End PBXProject section */

/* Begin PBXResourcesBuildPhase section */
		9F46B4CD2871E98000E250FF /* Resources */ = {
			isa = PBXResourcesBuildPhase;
			buildActionMask = 2147483647;
			files = (
				9F46B4DA2871E98300E250FF /* Preview Assets.xcassets in Resources */,
				9F46B4D72871E98300E250FF /* Assets.xcassets in Resources */,
			);
			runOnlyForDeploymentPostprocessing = 0;
		};
		9F46B4DD2871E98300E250FF /* Resources */ = {
			isa = PBXResourcesBuildPhase;
			buildActionMask = 2147483647;
			files = (
			);
			runOnlyForDeploymentPostprocessing = 0;
		};
		9F46B4E72871E98300E250FF /* Resources */ = {
			isa = PBXResourcesBuildPhase;
			buildActionMask = 2147483647;
			files = (
			);
			runOnlyForDeploymentPostprocessing = 0;
		};
/* End PBXResourcesBuildPhase section */

/* Begin PBXSourcesBuildPhase section */
		9F46B4CB2871E98000E250FF /* Sources */ = {
			isa = PBXSourcesBuildPhase;
			buildActionMask = 2147483647;
			files = (
				9F46B4D52871E98100E250FF /* ContentView.swift in Sources */,
				9F46B4D32871E98100E250FF /* CodeDesignWithiOS15App.swift in Sources */,
			);
			runOnlyForDeploymentPostprocessing = 0;
		};
		9F46B4DB2871E98300E250FF /* Sources */ = {
			isa = PBXSourcesBuildPhase;
			buildActionMask = 2147483647;
			files = (
				9F46B4E42871E98300E250FF /* CodeDesignWithiOS15Tests.swift in Sources */,
			);
			runOnlyForDeploymentPostprocessing = 0;
		};
		9F46B4E52871E98300E250FF /* Sources */ = {
			isa = PBXSourcesBuildPhase;
			buildActionMask = 2147483647;
			files = (
				9F46B4EE2871E98300E250FF /* CodeDesignWithiOS15UITests.swift in Sources */,
				9F46B4F02871E98300E250FF /* CodeDesignWithiOS15UITestsLaunchTests.swift in Sources */,
			);
			runOnlyForDeploymentPostprocessing = 0;
		};
/* End PBXSourcesBuildPhase section */

/* Begin PBXTargetDependency section */
		9F46B4E12871E98300E250FF /* PBXTargetDependency */ = {
			isa = PBXTargetDependency;
			target = 9F46B4CE2871E98000E250FF /* CodeDesignWithiOS15 */;
			targetProxy = 9F46B4E02871E98300E250FF /* PBXContainerItemProxy */;
		};
		9F46B4EB2871E98300E250FF /* PBXTargetDependency */ = {
			isa = PBXTargetDependency;
			target = 9F46B4CE2871E98000E250FF /* CodeDesignWithiOS15 */;
			targetProxy = 9F46B4EA2871E98300E250FF /* PBXContainerItemProxy */;
		};
/* End PBXTargetDependency section */

/* Begin XCBuildConfiguration section */
		9F46B4F12871E98300E250FF /* Debug */ = {
			isa = XCBuildConfiguration;
			buildSettings = {
				ALWAYS_SEARCH_USER_PATHS = NO;
				CLANG_ANALYZER_NONNULL = YES;
				CLANG_ANALYZER_NUMBER_OBJECT_CONVERSION = YES_AGGRESSIVE;
				CLANG_CXX_LANGUAGE_STANDARD = "gnu++17";
				CLANG_ENABLE_MODULES = YES;
				CLANG_ENABLE_OBJC_ARC = YES;
				CLANG_ENABLE_OBJC_WEAK = YES;
				CLANG_WARN_BLOCK_CAPTURE_AUTORELEASING = YES;
				CLANG_WARN_BOOL_CONVERSION = YES;
				CLANG_WARN_COMMA = YES;
				CLANG_WARN_CONSTANT_CONVERSION = YES;
				CLANG_WARN_DEPRECATED_OBJC_IMPLEMENTATIONS = YES;
				CLANG_WARN_DIRECT_OBJC_ISA_USAGE = YES_ERROR;
				CLANG_WARN_DOCUMENTATION_COMMENTS = YES;
				CLANG_WARN_EMPTY_BODY = YES;
				CLANG_WARN_ENUM_CONVERSION = YES;
				CLANG_WARN_INFINITE_RECURSION = YES;
				CLANG_WARN_INT_CONVERSION = YES;
				CLANG_WARN_NON_LITERAL_NULL_CONVERSION = YES;
				CLANG_WARN_OBJC_IMPLICIT_RETAIN_SELF = YES;
				CLANG_WARN_OBJC_LITERAL_CONVERSION = YES;
				CLANG_WARN_OBJC_ROOT_CLASS = YES_ERROR;
				CLANG_WARN_QUOTED_INCLUDE_IN_FRAMEWORK_HEADER = YES;
				CLANG_WARN_RANGE_LOOP_ANALYSIS = YES;
				CLANG_WARN_STRICT_PROTOTYPES = YES;
				CLANG_WARN_SUSPICIOUS_MOVE = YES;
				CLANG_WARN_UNGUARDED_AVAILABILITY = YES_AGGRESSIVE;
				CLANG_WARN_UNREACHABLE_CODE = YES;
				CLANG_WARN__DUPLICATE_METHOD_MATCH = YES;
				COPY_PHASE_STRIP = NO;
				DEBUG_INFORMATION_FORMAT = dwarf;
				ENABLE_STRICT_OBJC_MSGSEND = YES;
				ENABLE_TESTABILITY = YES;
				GCC_C_LANGUAGE_STANDARD = gnu11;
				GCC_DYNAMIC_NO_PIC = NO;
				GCC_NO_COMMON_BLOCKS = YES;
				GCC_OPTIMIZATION_LEVEL = 0;
				GCC_PREPROCESSOR_DEFINITIONS = (
					"DEBUG=1",
					"$(inherited)",
				);
				GCC_WARN_64_TO_32_BIT_CONVERSION = YES;
				GCC_WARN_ABOUT_RETURN_TYPE = YES_ERROR;
				GCC_WARN_UNDECLARED_SELECTOR = YES;
				GCC_WARN_UNINITIALIZED_AUTOS = YES_AGGRESSIVE;
				GCC_WARN_UNUSED_FUNCTION = YES;
				GCC_WARN_UNUSED_VARIABLE = YES;
				IPHONEOS_DEPLOYMENT_TARGET = 15.5;
				MTL_ENABLE_DEBUG_INFO = INCLUDE_SOURCE;
				MTL_FAST_MATH = YES;
				ONLY_ACTIVE_ARCH = YES;
				SDKROOT = iphoneos;
				SWIFT_ACTIVE_COMPILATION_CONDITIONS = DEBUG;
				SWIFT_OPTIMIZATION_LEVEL = "-Onone";
			};
			name = Debug;
		};
		9F46B4F22871E98300E250FF /* Release */ = {
			isa = XCBuildConfiguration;
			buildSettings = {
				ALWAYS_SEARCH_USER_PATHS = NO;
				CLANG_ANALYZER_NONNULL = YES;
				CLANG_ANALYZER_NUMBER_OBJECT_CONVERSION = YES_AGGRESSIVE;
				CLANG_CXX_LANGUAGE_STANDARD = "gnu++17";
				CLANG_ENABLE_MODULES = YES;
				CLANG_ENABLE_OBJC_ARC = YES;
				CLANG_ENABLE_OBJC_WEAK = YES;
				CLANG_WARN_BLOCK_CAPTURE_AUTORELEASING = YES;
				CLANG_WARN_BOOL_CONVERSION = YES;
				CLANG_WARN_COMMA = YES;
				CLANG_WARN_CONSTANT_CONVERSION = YES;
				CLANG_WARN_DEPRECATED_OBJC_IMPLEMENTATIONS = YES;
				CLANG_WARN_DIRECT_OBJC_ISA_USAGE = YES_ERROR;
				CLANG_WARN_DOCUMENTATION_COMMENTS = YES;
				CLANG_WARN_EMPTY_BODY = YES;
				CLANG_WARN_ENUM_CONVERSION = YES;
				CLANG_WARN_INFINITE_RECURSION = YES;
				CLANG_WARN_INT_CONVERSION = YES;
				CLANG_WARN_NON_LITERAL_NULL_CONVERSION = YES;
				CLANG_WARN_OBJC_IMPLICIT_RETAIN_SELF = YES;
				CLANG_WARN_OBJC_LITERAL_CONVERSION = YES;
				CLANG_WARN_OBJC_ROOT_CLASS = YES_ERROR;
				CLANG_WARN_QUOTED_INCLUDE_IN_FRAMEWORK_HEADER = YES;
				CLANG_WARN_RANGE_LOOP_ANALYSIS = YES;
				CLANG_WARN_STRICT_PROTOTYPES = YES;
				CLANG_WARN_SUSPICIOUS_MOVE = YES;
				CLANG_WARN_UNGUARDED_AVAILABILITY = YES_AGGRESSIVE;
				CLANG_WARN_UNREACHABLE_CODE = YES;
				CLANG_WARN__DUPLICATE_METHOD_MATCH = YES;
				COPY_PHASE_STRIP = NO;
				DEBUG_INFORMATION_FORMAT = "dwarf-with-dsym";
				ENABLE_NS_ASSERTIONS = NO;
				ENABLE_STRICT_OBJC_MSGSEND = YES;
				GCC_C_LANGUAGE_STANDARD = gnu11;
				GCC_NO_COMMON_BLOCKS = YES;
				GCC_WARN_64_TO_32_BIT_CONVERSION = YES;
				GCC_WARN_ABOUT_RETURN_TYPE = YES_ERROR;
				GCC_WARN_UNDECLARED_SELECTOR = YES;
				GCC_WARN_UNINITIALIZED_AUTOS = YES_AGGRESSIVE;
				GCC_WARN_UNUSED_FUNCTION = YES;
				GCC_WARN_UNUSED_VARIABLE = YES;
				IPHONEOS_DEPLOYMENT_TARGET = 15.5;
				MTL_ENABLE_DEBUG_INFO = NO;
				MTL_FAST_MATH = YES;
				SDKROOT = iphoneos;
				SWIFT_COMPILATION_MODE = wholemodule;
				SWIFT_OPTIMIZATION_LEVEL = "-O";
				VALIDATE_PRODUCT = YES;
			};
			name = Release;
		};
		9F46B4F42871E98300E250FF /* Debug */ = {
			isa = XCBuildConfiguration;
			buildSettings = {
				ASSETCATALOG_COMPILER_APPICON_NAME = AppIcon;
				ASSETCATALOG_COMPILER_GLOBAL_ACCENT_COLOR_NAME = AccentColor;
				CODE_SIGN_IDENTITY = "Apple Development";
				CODE_SIGN_STYLE = Automatic;
				CURRENT_PROJECT_VERSION = 1;
				DEVELOPMENT_ASSET_PATHS = "\"CodeDesignWithiOS15/Preview Content\"";
				DEVELOPMENT_TEAM = NZ78ACFBT3;
				ENABLE_PREVIEWS = YES;
				GENERATE_INFOPLIST_FILE = YES;
				INFOPLIST_KEY_UIApplicationSceneManifest_Generation = YES;
				INFOPLIST_KEY_UIApplicationSupportsIndirectInputEvents = YES;
				INFOPLIST_KEY_UILaunchScreen_Generation = YES;
				INFOPLIST_KEY_UISupportedInterfaceOrientations_iPad = "UIInterfaceOrientationPortrait UIInterfaceOrientationPortraitUpsideDown UIInterfaceOrientationLandscapeLeft UIInterfaceOrientationLandscapeRight";
				INFOPLIST_KEY_UISupportedInterfaceOrientations_iPhone = "UIInterfaceOrientationPortrait UIInterfaceOrientationLandscapeLeft UIInterfaceOrientationLandscapeRight";
				LD_RUNPATH_SEARCH_PATHS = (
					"$(inherited)",
					"@executable_path/Frameworks",
				);
				MARKETING_VERSION = 1.0;
				PRODUCT_BUNDLE_IDENTIFIER = com.cocoa.CodeDesignWithiOS15;
				PRODUCT_NAME = "$(TARGET_NAME)";
				PROVISIONING_PROFILE_SPECIFIER = "";
				SWIFT_EMIT_LOC_STRINGS = YES;
				SWIFT_VERSION = 5.0;
				TARGETED_DEVICE_FAMILY = "1,2";
			};
			name = Debug;
		};
		9F46B4F52871E98300E250FF /* Release */ = {
			isa = XCBuildConfiguration;
			buildSettings = {
				ASSETCATALOG_COMPILER_APPICON_NAME = AppIcon;
				ASSETCATALOG_COMPILER_GLOBAL_ACCENT_COLOR_NAME = AccentColor;
				CODE_SIGN_IDENTITY = "Apple Development";
				CODE_SIGN_STYLE = Automatic;
				CURRENT_PROJECT_VERSION = 1;
				DEVELOPMENT_ASSET_PATHS = "\"CodeDesignWithiOS15/Preview Content\"";
				DEVELOPMENT_TEAM = NZ78ACFBT3;
				ENABLE_PREVIEWS = YES;
				GENERATE_INFOPLIST_FILE = YES;
				INFOPLIST_KEY_UIApplicationSceneManifest_Generation = YES;
				INFOPLIST_KEY_UIApplicationSupportsIndirectInputEvents = YES;
				INFOPLIST_KEY_UILaunchScreen_Generation = YES;
				INFOPLIST_KEY_UISupportedInterfaceOrientations_iPad = "UIInterfaceOrientationPortrait UIInterfaceOrientationPortraitUpsideDown UIInterfaceOrientationLandscapeLeft UIInterfaceOrientationLandscapeRight";
				INFOPLIST_KEY_UISupportedInterfaceOrientations_iPhone = "UIInterfaceOrientationPortrait UIInterfaceOrientationLandscapeLeft UIInterfaceOrientationLandscapeRight";
				LD_RUNPATH_SEARCH_PATHS = (
					"$(inherited)",
					"@executable_path/Frameworks",
				);
				MARKETING_VERSION = 1.0;
				PRODUCT_BUNDLE_IDENTIFIER = com.cocoa.CodeDesignWithiOS15;
				PRODUCT_NAME = "$(TARGET_NAME)";
				PROVISIONING_PROFILE_SPECIFIER = "";
				SWIFT_EMIT_LOC_STRINGS = YES;
				SWIFT_VERSION = 5.0;
				TARGETED_DEVICE_FAMILY = "1,2";
			};
			name = Release;
		};
		9F46B4F72871E98300E250FF /* Debug */ = {
			isa = XCBuildConfiguration;
			buildSettings = {
				ALWAYS_EMBED_SWIFT_STANDARD_LIBRARIES = YES;
				BUNDLE_LOADER = "$(TEST_HOST)";
				CODE_SIGN_STYLE = Automatic;
				CURRENT_PROJECT_VERSION = 1;
				DEVELOPMENT_TEAM = 9SKDGJS28P;
				GENERATE_INFOPLIST_FILE = YES;
				IPHONEOS_DEPLOYMENT_TARGET = 15.5;
				MARKETING_VERSION = 1.0;
				PRODUCT_BUNDLE_IDENTIFIER = com.cocoa.CodeDesignWithiOS15Tests;
				PRODUCT_NAME = "$(TARGET_NAME)";
				SWIFT_EMIT_LOC_STRINGS = NO;
				SWIFT_VERSION = 5.0;
				TARGETED_DEVICE_FAMILY = "1,2";
				TEST_HOST = "$(BUILT_PRODUCTS_DIR)/CodeDesignWithiOS15.app/CodeDesignWithiOS15";
			};
			name = Debug;
		};
		9F46B4F82871E98300E250FF /* Release */ = {
			isa = XCBuildConfiguration;
			buildSettings = {
				ALWAYS_EMBED_SWIFT_STANDARD_LIBRARIES = YES;
				BUNDLE_LOADER = "$(TEST_HOST)";
				CODE_SIGN_STYLE = Automatic;
				CURRENT_PROJECT_VERSION = 1;
				DEVELOPMENT_TEAM = 9SKDGJS28P;
				GENERATE_INFOPLIST_FILE = YES;
				IPHONEOS_DEPLOYMENT_TARGET = 15.5;
				MARKETING_VERSION = 1.0;
				PRODUCT_BUNDLE_IDENTIFIER = com.cocoa.CodeDesignWithiOS15Tests;
				PRODUCT_NAME = "$(TARGET_NAME)";
				SWIFT_EMIT_LOC_STRINGS = NO;
				SWIFT_VERSION = 5.0;
				TARGETED_DEVICE_FAMILY = "1,2";
				TEST_HOST = "$(BUILT_PRODUCTS_DIR)/CodeDesignWithiOS15.app/CodeDesignWithiOS15";
			};
			name = Release;
		};
		9F46B4FA2871E98300E250FF /* Debug */ = {
			isa = XCBuildConfiguration;
			buildSettings = {
				ALWAYS_EMBED_SWIFT_STANDARD_LIBRARIES = YES;
				CODE_SIGN_STYLE = Automatic;
				CURRENT_PROJECT_VERSION = 1;
				DEVELOPMENT_TEAM = 9SKDGJS28P;
				GENERATE_INFOPLIST_FILE = YES;
				MARKETING_VERSION = 1.0;
				PRODUCT_BUNDLE_IDENTIFIER = com.cocoa.CodeDesignWithiOS15UITests;
				PRODUCT_NAME = "$(TARGET_NAME)";
				SWIFT_EMIT_LOC_STRINGS = NO;
				SWIFT_VERSION = 5.0;
				TARGETED_DEVICE_FAMILY = "1,2";
				TEST_TARGET_NAME = CodeDesignWithiOS15;
			};
			name = Debug;
		};
		9F46B4FB2871E98300E250FF /* Release */ = {
			isa = XCBuildConfiguration;
			buildSettings = {
				ALWAYS_EMBED_SWIFT_STANDARD_LIBRARIES = YES;
				CODE_SIGN_STYLE = Automatic;
				CURRENT_PROJECT_VERSION = 1;
				DEVELOPMENT_TEAM = 9SKDGJS28P;
				GENERATE_INFOPLIST_FILE = YES;
				MARKETING_VERSION = 1.0;
				PRODUCT_BUNDLE_IDENTIFIER = com.cocoa.CodeDesignWithiOS15UITests;
				PRODUCT_NAME = "$(TARGET_NAME)";
				SWIFT_EMIT_LOC_STRINGS = NO;
				SWIFT_VERSION = 5.0;
				TARGETED_DEVICE_FAMILY = "1,2";
				TEST_TARGET_NAME = CodeDesignWithiOS15;
			};
			name = Release;
		};
/* End XCBuildConfiguration section */

/* Begin XCConfigurationList section */
		9F46B4CA2871E98000E250FF /* Build configuration list for PBXProject "CodeDesignWithiOS15" */ = {
			isa = XCConfigurationList;
			buildConfigurations = (
				9F46B4F12871E98300E250FF /* Debug */,
				9F46B4F22871E98300E250FF /* Release */,
			);
			defaultConfigurationIsVisible = 0;
			defaultConfigurationName = Release;
		};
		9F46B4F32871E98300E250FF /* Build configuration list for PBXNativeTarget "CodeDesignWithiOS15" */ = {
			isa = XCConfigurationList;
			buildConfigurations = (
				9F46B4F42871E98300E250FF /* Debug */,
				9F46B4F52871E98300E250FF /* Release */,
			);
			defaultConfigurationIsVisible = 0;
			defaultConfigurationName = Release;
		};
		9F46B4F62871E98300E250FF /* Build configuration list for PBXNativeTarget "CodeDesignWithiOS15Tests" */ = {
			isa = XCConfigurationList;
			buildConfigurations = (
				9F46B4F72871E98300E250FF /* Debug */,
				9F46B4F82871E98300E250FF /* Release */,
			);
			defaultConfigurationIsVisible = 0;
			defaultConfigurationName = Release;
		};
		9F46B4F92871E98300E250FF /* Build configuration list for PBXNativeTarget "CodeDesignWithiOS15UITests" */ = {
			isa = XCConfigurationList;
			buildConfigurations = (
				9F46B4FA2871E98300E250FF /* Debug */,
				9F46B4FB2871E98300E250FF /* Release */,
			);
			defaultConfigurationIsVisible = 0;
			defaultConfigurationName = Release;
		};
/* End XCConfigurationList section */

/* Begin XCRemoteSwiftPackageReference section */
		9F684F4C2876BD540015C266 /* XCRemoteSwiftPackageReference "SVGView" */ = {
			isa = XCRemoteSwiftPackageReference;
			repositoryURL = "https://github.com/exyte/SVGView.git";
			requirement = {
				kind = upToNextMajorVersion;
				minimumVersion = 1.0.0;
			};
		};
/* End XCRemoteSwiftPackageReference section */

/* Begin XCSwiftPackageProductDependency section */
		9F684F4D2876BD540015C266 /* SVGView */ = {
			isa = XCSwiftPackageProductDependency;
			package = 9F684F4C2876BD540015C266 /* XCRemoteSwiftPackageReference "SVGView" */;
			productName = SVGView;
		};
/* End XCSwiftPackageProductDependency section */
	};
	rootObject = 9F46B4C72871E98000E250FF /* Project object */;
}
