// !$*UTF8*$!
{
	archiveVersion = 1;
	classes = {
	};
	objectVersion = 56;
	objects = {

/* Begin PBXBuildFile section */
		9F93D89529C9A72A00D8F6AE /* Clear_CleanApp.swift in Sources */ = {isa = PBXBuildFile; fileRef = 9F93D89429C9A72A00D8F6AE /* Clear_CleanApp.swift */; };
		9F93D89729C9A72A00D8F6AE /* ContentView.swift in Sources */ = {isa = PBXBuildFile; fileRef = 9F93D89629C9A72A00D8F6AE /* ContentView.swift */; };
		9F93D89929C9A72A00D8F6AE /* Assets.xcassets in Resources */ = {isa = PBXBuildFile; fileRef = 9F93D89829C9A72A00D8F6AE /* Assets.xcassets */; };
		9F93D89C29C9A72A00D8F6AE /* Preview Assets.xcassets in Resources */ = {isa = PBXBuildFile; fileRef = 9F93D89B29C9A72A00D8F6AE /* Preview Assets.xcassets */; };
		9F93D89E29C9A72A00D8F6AE /* Persistence.swift in Sources */ = {isa = PBXBuildFile; fileRef = 9F93D89D29C9A72A00D8F6AE /* Persistence.swift */; };
		9F93D8A129C9A72B00D8F6AE /* Clear_Clean.xcdatamodeld in Sources */ = {isa = PBXBuildFile; fileRef = 9F93D89F29C9A72B00D8F6AE /* Clear_Clean.xcdatamodeld */; };
		9F93D8AC29C9A72B00D8F6AE /* Clear_CleanTests.swift in Sources */ = {isa = PBXBuildFile; fileRef = 9F93D8AB29C9A72B00D8F6AE /* Clear_CleanTests.swift */; };
		9F93D8B629C9A72B00D8F6AE /* Clear_CleanUITests.swift in Sources */ = {isa = PBXBuildFile; fileRef = 9F93D8B529C9A72B00D8F6AE /* Clear_CleanUITests.swift */; };
		9F93D8B829C9A72B00D8F6AE /* Clear_CleanUITestsLaunchTests.swift in Sources */ = {isa = PBXBuildFile; fileRef = 9F93D8B729C9A72B00D8F6AE /* Clear_CleanUITestsLaunchTests.swift */; };
		9F9D520B2A0638AD00DCB7C2 /* UInt64Ext.swift in Sources */ = {isa = PBXBuildFile; fileRef = 9F9D520A2A0638AD00DCB7C2 /* UInt64Ext.swift */; };
		9F9D520D2A06397100DCB7C2 /* File.swift in Sources */ = {isa = PBXBuildFile; fileRef = 9F9D520C2A06397100DCB7C2 /* File.swift */; };
		9FF2C9E02A16229E002C61B0 /* Polygon.swift in Sources */ = {isa = PBXBuildFile; fileRef = 9FF2C9DF2A16229E002C61B0 /* Polygon.swift */; };
/* End PBXBuildFile section */

/* Begin PBXContainerItemProxy section */
		9F93D8A829C9A72B00D8F6AE /* PBXContainerItemProxy */ = {
			isa = PBXContainerItemProxy;
			containerPortal = 9F93D88929C9A72A00D8F6AE /* Project object */;
			proxyType = 1;
			remoteGlobalIDString = 9F93D89029C9A72A00D8F6AE;
			remoteInfo = "Clear&Clean";
		};
		9F93D8B229C9A72B00D8F6AE /* PBXContainerItemProxy */ = {
			isa = PBXContainerItemProxy;
			containerPortal = 9F93D88929C9A72A00D8F6AE /* Project object */;
			proxyType = 1;
			remoteGlobalIDString = 9F93D89029C9A72A00D8F6AE;
			remoteInfo = "Clear&Clean";
		};
/* End PBXContainerItemProxy section */

/* Begin PBXFileReference section */
		9F93D89129C9A72A00D8F6AE /* Clear&Clean.app */ = {isa = PBXFileReference; explicitFileType = wrapper.application; includeInIndex = 0; path = "Clear&Clean.app"; sourceTree = BUILT_PRODUCTS_DIR; };
		9F93D89429C9A72A00D8F6AE /* Clear_CleanApp.swift */ = {isa = PBXFileReference; lastKnownFileType = sourcecode.swift; path = Clear_CleanApp.swift; sourceTree = "<group>"; };
		9F93D89629C9A72A00D8F6AE /* ContentView.swift */ = {isa = PBXFileReference; lastKnownFileType = sourcecode.swift; path = ContentView.swift; sourceTree = "<group>"; };
		9F93D89829C9A72A00D8F6AE /* Assets.xcassets */ = {isa = PBXFileReference; lastKnownFileType = folder.assetcatalog; path = Assets.xcassets; sourceTree = "<group>"; };
		9F93D89B29C9A72A00D8F6AE /* Preview Assets.xcassets */ = {isa = PBXFileReference; lastKnownFileType = folder.assetcatalog; path = "Preview Assets.xcassets"; sourceTree = "<group>"; };
		9F93D89D29C9A72A00D8F6AE /* Persistence.swift */ = {isa = PBXFileReference; lastKnownFileType = sourcecode.swift; path = Persistence.swift; sourceTree = "<group>"; };
		9F93D8A029C9A72B00D8F6AE /* Clear_Clean.xcdatamodel */ = {isa = PBXFileReference; lastKnownFileType = wrapper.xcdatamodel; path = Clear_Clean.xcdatamodel; sourceTree = "<group>"; };
		9F93D8A229C9A72B00D8F6AE /* Clear_Clean.entitlements */ = {isa = PBXFileReference; lastKnownFileType = text.plist.entitlements; path = Clear_Clean.entitlements; sourceTree = "<group>"; };
		9F93D8A729C9A72B00D8F6AE /* Clear&CleanTests.xctest */ = {isa = PBXFileReference; explicitFileType = wrapper.cfbundle; includeInIndex = 0; path = "Clear&CleanTests.xctest"; sourceTree = BUILT_PRODUCTS_DIR; };
		9F93D8AB29C9A72B00D8F6AE /* Clear_CleanTests.swift */ = {isa = PBXFileReference; lastKnownFileType = sourcecode.swift; path = Clear_CleanTests.swift; sourceTree = "<group>"; };
		9F93D8B129C9A72B00D8F6AE /* Clear&CleanUITests.xctest */ = {isa = PBXFileReference; explicitFileType = wrapper.cfbundle; includeInIndex = 0; path = "Clear&CleanUITests.xctest"; sourceTree = BUILT_PRODUCTS_DIR; };
		9F93D8B529C9A72B00D8F6AE /* Clear_CleanUITests.swift */ = {isa = PBXFileReference; lastKnownFileType = sourcecode.swift; path = Clear_CleanUITests.swift; sourceTree = "<group>"; };
		9F93D8B729C9A72B00D8F6AE /* Clear_CleanUITestsLaunchTests.swift */ = {isa = PBXFileReference; lastKnownFileType = sourcecode.swift; path = Clear_CleanUITestsLaunchTests.swift; sourceTree = "<group>"; };
		9F93D8C429CA9F3B00D8F6AE /* Clear-Clean-Info.plist */ = {isa = PBXFileReference; lastKnownFileType = text.plist; path = "Clear-Clean-Info.plist"; sourceTree = SOURCE_ROOT; };
		9F9D520A2A0638AD00DCB7C2 /* UInt64Ext.swift */ = {isa = PBXFileReference; lastKnownFileType = sourcecode.swift; path = UInt64Ext.swift; sourceTree = "<group>"; };
		9F9D520C2A06397100DCB7C2 /* File.swift */ = {isa = PBXFileReference; lastKnownFileType = sourcecode.swift; path = File.swift; sourceTree = "<group>"; };
		9FF2C9DF2A16229E002C61B0 /* Polygon.swift */ = {isa = PBXFileReference; lastKnownFileType = sourcecode.swift; path = Polygon.swift; sourceTree = "<group>"; };
/* End PBXFileReference section */

/* Begin PBXFrameworksBuildPhase section */
		9F93D88E29C9A72A00D8F6AE /* Frameworks */ = {
			isa = PBXFrameworksBuildPhase;
			buildActionMask = 2147483647;
			files = (
			);
			runOnlyForDeploymentPostprocessing = 0;
		};
		9F93D8A429C9A72B00D8F6AE /* Frameworks */ = {
			isa = PBXFrameworksBuildPhase;
			buildActionMask = 2147483647;
			files = (
			);
			runOnlyForDeploymentPostprocessing = 0;
		};
		9F93D8AE29C9A72B00D8F6AE /* Frameworks */ = {
			isa = PBXFrameworksBuildPhase;
			buildActionMask = 2147483647;
			files = (
			);
			runOnlyForDeploymentPostprocessing = 0;
		};
/* End PBXFrameworksBuildPhase section */

/* Begin PBXGroup section */
		9F93D88829C9A72A00D8F6AE = {
			isa = PBXGroup;
			children = (
				9F93D89329C9A72A00D8F6AE /* Clear&Clean */,
				9F93D8AA29C9A72B00D8F6AE /* Clear&CleanTests */,
				9F93D8B429C9A72B00D8F6AE /* Clear&CleanUITests */,
				9F93D89229C9A72A00D8F6AE /* Products */,
			);
			sourceTree = "<group>";
		};
		9F93D89229C9A72A00D8F6AE /* Products */ = {
			isa = PBXGroup;
			children = (
				9F93D89129C9A72A00D8F6AE /* Clear&Clean.app */,
				9F93D8A729C9A72B00D8F6AE /* Clear&CleanTests.xctest */,
				9F93D8B129C9A72B00D8F6AE /* Clear&CleanUITests.xctest */,
			);
			name = Products;
			sourceTree = "<group>";
		};
		9F93D89329C9A72A00D8F6AE /* Clear&Clean */ = {
			isa = PBXGroup;
			children = (
				9F93D8C429CA9F3B00D8F6AE /* Clear-Clean-Info.plist */,
				9F93D89429C9A72A00D8F6AE /* Clear_CleanApp.swift */,
				9F93D89629C9A72A00D8F6AE /* ContentView.swift */,
				9F93D89829C9A72A00D8F6AE /* Assets.xcassets */,
				9F93D89D29C9A72A00D8F6AE /* Persistence.swift */,
				9F93D8A229C9A72B00D8F6AE /* Clear_Clean.entitlements */,
				9F93D89F29C9A72B00D8F6AE /* Clear_Clean.xcdatamodeld */,
				9F93D89A29C9A72A00D8F6AE /* Preview Content */,
				9F9D520A2A0638AD00DCB7C2 /* UInt64Ext.swift */,
				9F9D520C2A06397100DCB7C2 /* File.swift */,
				9FF2C9DF2A16229E002C61B0 /* Polygon.swift */,
			);
			path = "Clear&Clean";
			sourceTree = "<group>";
		};
		9F93D89A29C9A72A00D8F6AE /* Preview Content */ = {
			isa = PBXGroup;
			children = (
				9F93D89B29C9A72A00D8F6AE /* Preview Assets.xcassets */,
			);
			path = "Preview Content";
			sourceTree = "<group>";
		};
		9F93D8AA29C9A72B00D8F6AE /* Clear&CleanTests */ = {
			isa = PBXGroup;
			children = (
				9F93D8AB29C9A72B00D8F6AE /* Clear_CleanTests.swift */,
			);
			path = "Clear&CleanTests";
			sourceTree = "<group>";
		};
		9F93D8B429C9A72B00D8F6AE /* Clear&CleanUITests */ = {
			isa = PBXGroup;
			children = (
				9F93D8B529C9A72B00D8F6AE /* Clear_CleanUITests.swift */,
				9F93D8B729C9A72B00D8F6AE /* Clear_CleanUITestsLaunchTests.swift */,
			);
			path = "Clear&CleanUITests";
			sourceTree = "<group>";
		};
/* End PBXGroup section */

/* Begin PBXNativeTarget section */
		9F93D89029C9A72A00D8F6AE /* Clear&Clean */ = {
			isa = PBXNativeTarget;
			buildConfigurationList = 9F93D8BB29C9A72B00D8F6AE /* Build configuration list for PBXNativeTarget "Clear&Clean" */;
			buildPhases = (
				9F93D88D29C9A72A00D8F6AE /* Sources */,
				9F93D88E29C9A72A00D8F6AE /* Frameworks */,
				9F93D88F29C9A72A00D8F6AE /* Resources */,
			);
			buildRules = (
			);
			dependencies = (
			);
			name = "Clear&Clean";
			productName = "Clear&Clean";
			productReference = 9F93D89129C9A72A00D8F6AE /* Clear&Clean.app */;
			productType = "com.apple.product-type.application";
		};
		9F93D8A629C9A72B00D8F6AE /* Clear&CleanTests */ = {
			isa = PBXNativeTarget;
			buildConfigurationList = 9F93D8BE29C9A72B00D8F6AE /* Build configuration list for PBXNativeTarget "Clear&CleanTests" */;
			buildPhases = (
				9F93D8A329C9A72B00D8F6AE /* Sources */,
				9F93D8A429C9A72B00D8F6AE /* Frameworks */,
				9F93D8A529C9A72B00D8F6AE /* Resources */,
			);
			buildRules = (
			);
			dependencies = (
				9F93D8A929C9A72B00D8F6AE /* PBXTargetDependency */,
			);
			name = "Clear&CleanTests";
			productName = "Clear&CleanTests";
			productReference = 9F93D8A729C9A72B00D8F6AE /* Clear&CleanTests.xctest */;
			productType = "com.apple.product-type.bundle.unit-test";
		};
		9F93D8B029C9A72B00D8F6AE /* Clear&CleanUITests */ = {
			isa = PBXNativeTarget;
			buildConfigurationList = 9F93D8C129C9A72B00D8F6AE /* Build configuration list for PBXNativeTarget "Clear&CleanUITests" */;
			buildPhases = (
				9F93D8AD29C9A72B00D8F6AE /* Sources */,
				9F93D8AE29C9A72B00D8F6AE /* Frameworks */,
				9F93D8AF29C9A72B00D8F6AE /* Resources */,
			);
			buildRules = (
			);
			dependencies = (
				9F93D8B329C9A72B00D8F6AE /* PBXTargetDependency */,
			);
			name = "Clear&CleanUITests";
			productName = "Clear&CleanUITests";
			productReference = 9F93D8B129C9A72B00D8F6AE /* Clear&CleanUITests.xctest */;
			productType = "com.apple.product-type.bundle.ui-testing";
		};
/* End PBXNativeTarget section */

/* Begin PBXProject section */
		9F93D88929C9A72A00D8F6AE /* Project object */ = {
			isa = PBXProject;
			attributes = {
				BuildIndependentTargetsInParallel = 1;
				LastSwiftUpdateCheck = 1420;
				LastUpgradeCheck = 1420;
				TargetAttributes = {
					9F93D89029C9A72A00D8F6AE = {
						CreatedOnToolsVersion = 14.2;
					};
					9F93D8A629C9A72B00D8F6AE = {
						CreatedOnToolsVersion = 14.2;
						TestTargetID = 9F93D89029C9A72A00D8F6AE;
					};
					9F93D8B029C9A72B00D8F6AE = {
						CreatedOnToolsVersion = 14.2;
						TestTargetID = 9F93D89029C9A72A00D8F6AE;
					};
				};
			};
			buildConfigurationList = 9F93D88C29C9A72A00D8F6AE /* Build configuration list for PBXProject "Clear&Clean" */;
			compatibilityVersion = "Xcode 14.0";
			developmentRegion = en;
			hasScannedForEncodings = 0;
			knownRegions = (
				en,
				Base,
			);
			mainGroup = 9F93D88829C9A72A00D8F6AE;
			productRefGroup = 9F93D89229C9A72A00D8F6AE /* Products */;
			projectDirPath = "";
			projectRoot = "";
			targets = (
				9F93D89029C9A72A00D8F6AE /* Clear&Clean */,
				9F93D8A629C9A72B00D8F6AE /* Clear&CleanTests */,
				9F93D8B029C9A72B00D8F6AE /* Clear&CleanUITests */,
			);
		};
/* End PBXProject section */

/* Begin PBXResourcesBuildPhase section */
		9F93D88F29C9A72A00D8F6AE /* Resources */ = {
			isa = PBXResourcesBuildPhase;
			buildActionMask = 2147483647;
			files = (
				9F93D89C29C9A72A00D8F6AE /* Preview Assets.xcassets in Resources */,
				9F93D89929C9A72A00D8F6AE /* Assets.xcassets in Resources */,
			);
			runOnlyForDeploymentPostprocessing = 0;
		};
		9F93D8A529C9A72B00D8F6AE /* Resources */ = {
			isa = PBXResourcesBuildPhase;
			buildActionMask = 2147483647;
			files = (
			);
			runOnlyForDeploymentPostprocessing = 0;
		};
		9F93D8AF29C9A72B00D8F6AE /* Resources */ = {
			isa = PBXResourcesBuildPhase;
			buildActionMask = 2147483647;
			files = (
			);
			runOnlyForDeploymentPostprocessing = 0;
		};
/* End PBXResourcesBuildPhase section */

/* Begin PBXSourcesBuildPhase section */
		9F93D88D29C9A72A00D8F6AE /* Sources */ = {
			isa = PBXSourcesBuildPhase;
			buildActionMask = 2147483647;
			files = (
				9F93D89E29C9A72A00D8F6AE /* Persistence.swift in Sources */,
				9F9D520D2A06397100DCB7C2 /* File.swift in Sources */,
				9F93D8A129C9A72B00D8F6AE /* Clear_Clean.xcdatamodeld in Sources */,
				9F93D89729C9A72A00D8F6AE /* ContentView.swift in Sources */,
				9F9D520B2A0638AD00DCB7C2 /* UInt64Ext.swift in Sources */,
				9F93D89529C9A72A00D8F6AE /* Clear_CleanApp.swift in Sources */,
				9FF2C9E02A16229E002C61B0 /* Polygon.swift in Sources */,
			);
			runOnlyForDeploymentPostprocessing = 0;
		};
		9F93D8A329C9A72B00D8F6AE /* Sources */ = {
			isa = PBXSourcesBuildPhase;
			buildActionMask = 2147483647;
			files = (
				9F93D8AC29C9A72B00D8F6AE /* Clear_CleanTests.swift in Sources */,
			);
			runOnlyForDeploymentPostprocessing = 0;
		};
		9F93D8AD29C9A72B00D8F6AE /* Sources */ = {
			isa = PBXSourcesBuildPhase;
			buildActionMask = 2147483647;
			files = (
				9F93D8B829C9A72B00D8F6AE /* Clear_CleanUITestsLaunchTests.swift in Sources */,
				9F93D8B629C9A72B00D8F6AE /* Clear_CleanUITests.swift in Sources */,
			);
			runOnlyForDeploymentPostprocessing = 0;
		};
/* End PBXSourcesBuildPhase section */

/* Begin PBXTargetDependency section */
		9F93D8A929C9A72B00D8F6AE /* PBXTargetDependency */ = {
			isa = PBXTargetDependency;
			target = 9F93D89029C9A72A00D8F6AE /* Clear&Clean */;
			targetProxy = 9F93D8A829C9A72B00D8F6AE /* PBXContainerItemProxy */;
		};
		9F93D8B329C9A72B00D8F6AE /* PBXTargetDependency */ = {
			isa = PBXTargetDependency;
			target = 9F93D89029C9A72A00D8F6AE /* Clear&Clean */;
			targetProxy = 9F93D8B229C9A72B00D8F6AE /* PBXContainerItemProxy */;
		};
/* End PBXTargetDependency section */

/* Begin XCBuildConfiguration section */
		9F93D8B929C9A72B00D8F6AE /* Debug */ = {
			isa = XCBuildConfiguration;
			buildSettings = {
				ALWAYS_SEARCH_USER_PATHS = NO;
				CLANG_ANALYZER_NONNULL = YES;
				CLANG_ANALYZER_NUMBER_OBJECT_CONVERSION = YES_AGGRESSIVE;
				CLANG_CXX_LANGUAGE_STANDARD = "gnu++20";
				CLANG_ENABLE_MODULES = YES;
				CLANG_ENABLE_OBJC_ARC = YES;
				CLANG_ENABLE_OBJC_WEAK = YES;
				CLANG_WARN_BLOCK_CAPTURE_AUTORELEASING = YES;
				CLANG_WARN_BOOL_CONVERSION = YES;
				CLANG_WARN_COMMA = YES;
				CLANG_WARN_CONSTANT_CONVERSION = YES;
				CLANG_WARN_DEPRECATED_OBJC_IMPLEMENTATIONS = YES;
				CLANG_WARN_DIRECT_OBJC_ISA_USAGE = YES_ERROR;
				CLANG_WARN_DOCUMENTATION_COMMENTS = YES;
				CLANG_WARN_EMPTY_BODY = YES;
				CLANG_WARN_ENUM_CONVERSION = YES;
				CLANG_WARN_INFINITE_RECURSION = YES;
				CLANG_WARN_INT_CONVERSION = YES;
				CLANG_WARN_NON_LITERAL_NULL_CONVERSION = YES;
				CLANG_WARN_OBJC_IMPLICIT_RETAIN_SELF = YES;
				CLANG_WARN_OBJC_LITERAL_CONVERSION = YES;
				CLANG_WARN_OBJC_ROOT_CLASS = YES_ERROR;
				CLANG_WARN_QUOTED_INCLUDE_IN_FRAMEWORK_HEADER = YES;
				CLANG_WARN_RANGE_LOOP_ANALYSIS = YES;
				CLANG_WARN_STRICT_PROTOTYPES = YES;
				CLANG_WARN_SUSPICIOUS_MOVE = YES;
				CLANG_WARN_UNGUARDED_AVAILABILITY = YES_AGGRESSIVE;
				CLANG_WARN_UNREACHABLE_CODE = YES;
				CLANG_WARN__DUPLICATE_METHOD_MATCH = YES;
				COPY_PHASE_STRIP = NO;
				DEBUG_INFORMATION_FORMAT = dwarf;
				ENABLE_STRICT_OBJC_MSGSEND = YES;
				ENABLE_TESTABILITY = YES;
				GCC_C_LANGUAGE_STANDARD = gnu11;
				GCC_DYNAMIC_NO_PIC = NO;
				GCC_NO_COMMON_BLOCKS = YES;
				GCC_OPTIMIZATION_LEVEL = 0;
				GCC_PREPROCESSOR_DEFINITIONS = (
					"DEBUG=1",
					"$(inherited)",
				);
				GCC_WARN_64_TO_32_BIT_CONVERSION = YES;
				GCC_WARN_ABOUT_RETURN_TYPE = YES_ERROR;
				GCC_WARN_UNDECLARED_SELECTOR = YES;
				GCC_WARN_UNINITIALIZED_AUTOS = YES_AGGRESSIVE;
				GCC_WARN_UNUSED_FUNCTION = YES;
				GCC_WARN_UNUSED_VARIABLE = YES;
				MACOSX_DEPLOYMENT_TARGET = 12.6;
				MTL_ENABLE_DEBUG_INFO = INCLUDE_SOURCE;
				MTL_FAST_MATH = YES;
				ONLY_ACTIVE_ARCH = YES;
				SDKROOT = macosx;
				SWIFT_ACTIVE_COMPILATION_CONDITIONS = DEBUG;
				SWIFT_OPTIMIZATION_LEVEL = "-Onone";
			};
			name = Debug;
		};
		9F93D8BA29C9A72B00D8F6AE /* Release */ = {
			isa = XCBuildConfiguration;
			buildSettings = {
				ALWAYS_SEARCH_USER_PATHS = NO;
				CLANG_ANALYZER_NONNULL = YES;
				CLANG_ANALYZER_NUMBER_OBJECT_CONVERSION = YES_AGGRESSIVE;
				CLANG_CXX_LANGUAGE_STANDARD = "gnu++20";
				CLANG_ENABLE_MODULES = YES;
				CLANG_ENABLE_OBJC_ARC = YES;
				CLANG_ENABLE_OBJC_WEAK = YES;
				CLANG_WARN_BLOCK_CAPTURE_AUTORELEASING = YES;
				CLANG_WARN_BOOL_CONVERSION = YES;
				CLANG_WARN_COMMA = YES;
				CLANG_WARN_CONSTANT_CONVERSION = YES;
				CLANG_WARN_DEPRECATED_OBJC_IMPLEMENTATIONS = YES;
				CLANG_WARN_DIRECT_OBJC_ISA_USAGE = YES_ERROR;
				CLANG_WARN_DOCUMENTATION_COMMENTS = YES;
				CLANG_WARN_EMPTY_BODY = YES;
				CLANG_WARN_ENUM_CONVERSION = YES;
				CLANG_WARN_INFINITE_RECURSION = YES;
				CLANG_WARN_INT_CONVERSION = YES;
				CLANG_WARN_NON_LITERAL_NULL_CONVERSION = YES;
				CLANG_WARN_OBJC_IMPLICIT_RETAIN_SELF = YES;
				CLANG_WARN_OBJC_LITERAL_CONVERSION = YES;
				CLANG_WARN_OBJC_ROOT_CLASS = YES_ERROR;
				CLANG_WARN_QUOTED_INCLUDE_IN_FRAMEWORK_HEADER = YES;
				CLANG_WARN_RANGE_LOOP_ANALYSIS = YES;
				CLANG_WARN_STRICT_PROTOTYPES = YES;
				CLANG_WARN_SUSPICIOUS_MOVE = YES;
				CLANG_WARN_UNGUARDED_AVAILABILITY = YES_AGGRESSIVE;
				CLANG_WARN_UNREACHABLE_CODE = YES;
				CLANG_WARN__DUPLICATE_METHOD_MATCH = YES;
				COPY_PHASE_STRIP = NO;
				DEBUG_INFORMATION_FORMAT = "dwarf-with-dsym";
				ENABLE_NS_ASSERTIONS = NO;
				ENABLE_STRICT_OBJC_MSGSEND = YES;
				GCC_C_LANGUAGE_STANDARD = gnu11;
				GCC_NO_COMMON_BLOCKS = YES;
				GCC_WARN_64_TO_32_BIT_CONVERSION = YES;
				GCC_WARN_ABOUT_RETURN_TYPE = YES_ERROR;
				GCC_WARN_UNDECLARED_SELECTOR = YES;
				GCC_WARN_UNINITIALIZED_AUTOS = YES_AGGRESSIVE;
				GCC_WARN_UNUSED_FUNCTION = YES;
				GCC_WARN_UNUSED_VARIABLE = YES;
				MACOSX_DEPLOYMENT_TARGET = 12.6;
				MTL_ENABLE_DEBUG_INFO = NO;
				MTL_FAST_MATH = YES;
				SDKROOT = macosx;
				SWIFT_COMPILATION_MODE = wholemodule;
				SWIFT_OPTIMIZATION_LEVEL = "-O";
			};
			name = Release;
		};
		9F93D8BC29C9A72B00D8F6AE /* Debug */ = {
			isa = XCBuildConfiguration;
			buildSettings = {
				ASSETCATALOG_COMPILER_APPICON_NAME = AppIcon;
				ASSETCATALOG_COMPILER_GLOBAL_ACCENT_COLOR_NAME = AccentColor;
				CODE_SIGN_ENTITLEMENTS = "Clear&Clean/Clear_Clean.entitlements";
				"CODE_SIGN_IDENTITY[sdk=macosx*]" = "Apple Development";
				CODE_SIGN_STYLE = Automatic;
				COMBINE_HIDPI_IMAGES = YES;
				CURRENT_PROJECT_VERSION = 1;
				DEVELOPMENT_ASSET_PATHS = "\"Clear&Clean/Preview Content\"";
				DEVELOPMENT_TEAM = NZ78ACFBT3;
				ENABLE_HARDENED_RUNTIME = YES;
				ENABLE_PREVIEWS = YES;
				GENERATE_INFOPLIST_FILE = YES;
				INFOPLIST_FILE = "Clear-Clean-Info.plist";
				INFOPLIST_KEY_NSDocumentsFolderUsageDescription = "$(PRODUCT_NAME) needs access to your documents folder to ...";
				INFOPLIST_KEY_NSHumanReadableCopyright = "";
				LD_RUNPATH_SEARCH_PATHS = (
					"$(inherited)",
					"@executable_path/../Frameworks",
				);
				MARKETING_VERSION = 1.0;
				PRODUCT_BUNDLE_IDENTIFIER = "com.cocoa..Clear-Clean";
				PRODUCT_NAME = "$(TARGET_NAME)";
				SWIFT_EMIT_LOC_STRINGS = YES;
				SWIFT_VERSION = 5.0;
			};
			name = Debug;
		};
		9F93D8BD29C9A72B00D8F6AE /* Release */ = {
			isa = XCBuildConfiguration;
			buildSettings = {
				ASSETCATALOG_COMPILER_APPICON_NAME = AppIcon;
				ASSETCATALOG_COMPILER_GLOBAL_ACCENT_COLOR_NAME = AccentColor;
				CODE_SIGN_ENTITLEMENTS = "Clear&Clean/Clear_Clean.entitlements";
				"CODE_SIGN_IDENTITY[sdk=macosx*]" = "Apple Development";
				CODE_SIGN_STYLE = Automatic;
				COMBINE_HIDPI_IMAGES = YES;
				CURRENT_PROJECT_VERSION = 1;
				DEVELOPMENT_ASSET_PATHS = "\"Clear&Clean/Preview Content\"";
				DEVELOPMENT_TEAM = NZ78ACFBT3;
				ENABLE_HARDENED_RUNTIME = YES;
				ENABLE_PREVIEWS = YES;
				GENERATE_INFOPLIST_FILE = YES;
				INFOPLIST_FILE = "Clear-Clean-Info.plist";
				INFOPLIST_KEY_NSDocumentsFolderUsageDescription = "$(PRODUCT_NAME) needs access to your documents folder to ...";
				INFOPLIST_KEY_NSHumanReadableCopyright = "";
				LD_RUNPATH_SEARCH_PATHS = (
					"$(inherited)",
					"@executable_path/../Frameworks",
				);
				MARKETING_VERSION = 1.0;
				PRODUCT_BUNDLE_IDENTIFIER = "com.cocoa..Clear-Clean";
				PRODUCT_NAME = "$(TARGET_NAME)";
				SWIFT_EMIT_LOC_STRINGS = YES;
				SWIFT_VERSION = 5.0;
			};
			name = Release;
		};
		9F93D8BF29C9A72B00D8F6AE /* Debug */ = {
			isa = XCBuildConfiguration;
			buildSettings = {
				ALWAYS_EMBED_SWIFT_STANDARD_LIBRARIES = YES;
				BUNDLE_LOADER = "$(TEST_HOST)";
				CODE_SIGN_STYLE = Automatic;
				CURRENT_PROJECT_VERSION = 1;
				DEVELOPMENT_TEAM = NZ78ACFBT3;
				GENERATE_INFOPLIST_FILE = YES;
				MACOSX_DEPLOYMENT_TARGET = 12.6;
				MARKETING_VERSION = 1.0;
				PRODUCT_BUNDLE_IDENTIFIER = "com.cocoa..Clear-CleanTests";
				PRODUCT_NAME = "$(TARGET_NAME)";
				SWIFT_EMIT_LOC_STRINGS = NO;
				SWIFT_VERSION = 5.0;
				TEST_HOST = "$(BUILT_PRODUCTS_DIR)/Clear&Clean.app/$(BUNDLE_EXECUTABLE_FOLDER_PATH)/Clear&Clean";
			};
			name = Debug;
		};
		9F93D8C029C9A72B00D8F6AE /* Release */ = {
			isa = XCBuildConfiguration;
			buildSettings = {
				ALWAYS_EMBED_SWIFT_STANDARD_LIBRARIES = YES;
				BUNDLE_LOADER = "$(TEST_HOST)";
				CODE_SIGN_STYLE = Automatic;
				CURRENT_PROJECT_VERSION = 1;
				DEVELOPMENT_TEAM = NZ78ACFBT3;
				GENERATE_INFOPLIST_FILE = YES;
				MACOSX_DEPLOYMENT_TARGET = 12.6;
				MARKETING_VERSION = 1.0;
				PRODUCT_BUNDLE_IDENTIFIER = "com.cocoa..Clear-CleanTests";
				PRODUCT_NAME = "$(TARGET_NAME)";
				SWIFT_EMIT_LOC_STRINGS = NO;
				SWIFT_VERSION = 5.0;
				TEST_HOST = "$(BUILT_PRODUCTS_DIR)/Clear&Clean.app/$(BUNDLE_EXECUTABLE_FOLDER_PATH)/Clear&Clean";
			};
			name = Release;
		};
		9F93D8C229C9A72B00D8F6AE /* Debug */ = {
			isa = XCBuildConfiguration;
			buildSettings = {
				ALWAYS_EMBED_SWIFT_STANDARD_LIBRARIES = YES;
				CODE_SIGN_STYLE = Automatic;
				CURRENT_PROJECT_VERSION = 1;
				DEVELOPMENT_TEAM = NZ78ACFBT3;
				GENERATE_INFOPLIST_FILE = YES;
				MARKETING_VERSION = 1.0;
				PRODUCT_BUNDLE_IDENTIFIER = "com.cocoa..Clear-CleanUITests";
				PRODUCT_NAME = "$(TARGET_NAME)";
				SWIFT_EMIT_LOC_STRINGS = NO;
				SWIFT_VERSION = 5.0;
				TEST_TARGET_NAME = "Clear&Clean";
			};
			name = Debug;
		};
		9F93D8C329C9A72B00D8F6AE /* Release */ = {
			isa = XCBuildConfiguration;
			buildSettings = {
				ALWAYS_EMBED_SWIFT_STANDARD_LIBRARIES = YES;
				CODE_SIGN_STYLE = Automatic;
				CURRENT_PROJECT_VERSION = 1;
				DEVELOPMENT_TEAM = NZ78ACFBT3;
				GENERATE_INFOPLIST_FILE = YES;
				MARKETING_VERSION = 1.0;
				PRODUCT_BUNDLE_IDENTIFIER = "com.cocoa..Clear-CleanUITests";
				PRODUCT_NAME = "$(TARGET_NAME)";
				SWIFT_EMIT_LOC_STRINGS = NO;
				SWIFT_VERSION = 5.0;
				TEST_TARGET_NAME = "Clear&Clean";
			};
			name = Release;
		};
/* End XCBuildConfiguration section */

/* Begin XCConfigurationList section */
		9F93D88C29C9A72A00D8F6AE /* Build configuration list for PBXProject "Clear&Clean" */ = {
			isa = XCConfigurationList;
			buildConfigurations = (
				9F93D8B929C9A72B00D8F6AE /* Debug */,
				9F93D8BA29C9A72B00D8F6AE /* Release */,
			);
			defaultConfigurationIsVisible = 0;
			defaultConfigurationName = Release;
		};
		9F93D8BB29C9A72B00D8F6AE /* Build configuration list for PBXNativeTarget "Clear&Clean" */ = {
			isa = XCConfigurationList;
			buildConfigurations = (
				9F93D8BC29C9A72B00D8F6AE /* Debug */,
				9F93D8BD29C9A72B00D8F6AE /* Release */,
			);
			defaultConfigurationIsVisible = 0;
			defaultConfigurationName = Release;
		};
		9F93D8BE29C9A72B00D8F6AE /* Build configuration list for PBXNativeTarget "Clear&CleanTests" */ = {
			isa = XCConfigurationList;
			buildConfigurations = (
				9F93D8BF29C9A72B00D8F6AE /* Debug */,
				9F93D8C029C9A72B00D8F6AE /* Release */,
			);
			defaultConfigurationIsVisible = 0;
			defaultConfigurationName = Release;
		};
		9F93D8C129C9A72B00D8F6AE /* Build configuration list for PBXNativeTarget "Clear&CleanUITests" */ = {
			isa = XCConfigurationList;
			buildConfigurations = (
				9F93D8C229C9A72B00D8F6AE /* Debug */,
				9F93D8C329C9A72B00D8F6AE /* Release */,
			);
			defaultConfigurationIsVisible = 0;
			defaultConfigurationName = Release;
		};
/* End XCConfigurationList section */

/* Begin XCVersionGroup section */
		9F93D89F29C9A72B00D8F6AE /* Clear_Clean.xcdatamodeld */ = {
			isa = XCVersionGroup;
			children = (
				9F93D8A029C9A72B00D8F6AE /* Clear_Clean.xcdatamodel */,
			);
			currentVersion = 9F93D8A029C9A72B00D8F6AE /* Clear_Clean.xcdatamodel */;
			path = Clear_Clean.xcdatamodeld;
			sourceTree = "<group>";
			versionGroupType = wrapper.xcdatamodel;
		};
/* End XCVersionGroup section */
	};
	rootObject = 9F93D88929C9A72A00D8F6AE /* Project object */;
}
